// !$*UTF8*$!
{
	archiveVersion = 1;
	classes = {
	};
	objectVersion = 46;
	objects = {

/* Begin PBXBuildFile section */
		18F0B430175D73980065224E /* UIKit.framework in Frameworks */ = {isa = PBXBuildFile; fileRef = 18F0B42F175D73980065224E /* UIKit.framework */; };
		18F0B432175D73980065224E /* Foundation.framework in Frameworks */ = {isa = PBXBuildFile; fileRef = 18F0B431175D73980065224E /* Foundation.framework */; };
		18F0B434175D73980065224E /* CoreGraphics.framework in Frameworks */ = {isa = PBXBuildFile; fileRef = 18F0B433175D73980065224E /* CoreGraphics.framework */; };
		18F0B43A175D73980065224E /* InfoPlist.strings in Resources */ = {isa = PBXBuildFile; fileRef = 18F0B438175D73980065224E /* InfoPlist.strings */; };
		18F0B43C175D73980065224E /* main.m in Sources */ = {isa = PBXBuildFile; fileRef = 18F0B43B175D73980065224E /* main.m */; };
		18F0B440175D73980065224E /* AppDelegate.m in Sources */ = {isa = PBXBuildFile; fileRef = 18F0B43F175D73980065224E /* AppDelegate.m */; };
		18F0B442175D73980065224E /* Default.png in Resources */ = {isa = PBXBuildFile; fileRef = 18F0B441175D73980065224E /* Default.png */; };
		18F0B444175D73980065224E /* Default@2x.png in Resources */ = {isa = PBXBuildFile; fileRef = 18F0B443175D73980065224E /* Default@2x.png */; };
		18F0B446175D73980065224E /* Default-568h@2x.png in Resources */ = {isa = PBXBuildFile; fileRef = 18F0B445175D73980065224E /* Default-568h@2x.png */; };
		18F0B449175D73980065224E /* MainStoryboard_iPhone.storyboard in Resources */ = {isa = PBXBuildFile; fileRef = 18F0B447175D73980065224E /* MainStoryboard_iPhone.storyboard */; };
		18F0B44C175D73980065224E /* MainStoryboard_iPad.storyboard in Resources */ = {isa = PBXBuildFile; fileRef = 18F0B44A175D73980065224E /* MainStoryboard_iPad.storyboard */; };
		18F0B44F175D73980065224E /* ViewController.m in Sources */ = {isa = PBXBuildFile; fileRef = 18F0B44E175D73980065224E /* ViewController.m */; };
		18F0B457175D73990065224E /* SenTestingKit.framework in Frameworks */ = {isa = PBXBuildFile; fileRef = 18F0B456175D73990065224E /* SenTestingKit.framework */; };
		18F0B458175D73990065224E /* UIKit.framework in Frameworks */ = {isa = PBXBuildFile; fileRef = 18F0B42F175D73980065224E /* UIKit.framework */; };
		18F0B459175D73990065224E /* Foundation.framework in Frameworks */ = {isa = PBXBuildFile; fileRef = 18F0B431175D73980065224E /* Foundation.framework */; };
		18F0B461175D73990065224E /* InfoPlist.strings in Resources */ = {isa = PBXBuildFile; fileRef = 18F0B45F175D73990065224E /* InfoPlist.strings */; };
		18F0B464175D73990065224E /* MockupTests.m in Sources */ = {isa = PBXBuildFile; fileRef = 18F0B463175D73990065224E /* MockupTests.m */; };
		18F0B48B175DA3D00065224E /* after_earth.jpg in Resources */ = {isa = PBXBuildFile; fileRef = 18F0B46E175DA3CF0065224E /* after_earth.jpg */; };
		18F0B48C175DA3D00065224E /* fast6.jpg in Resources */ = {isa = PBXBuildFile; fileRef = 18F0B46F175DA3CF0065224E /* fast6.jpg */; };
		18F0B48D175DA3D00065224E /* internship.jpg in Resources */ = {isa = PBXBuildFile; fileRef = 18F0B470175DA3CF0065224E /* internship.jpg */; };
		18F0B48E175DA3D00065224E /* after_earth.jpg in Resources */ = {isa = PBXBuildFile; fileRef = 18F0B471175DA3CF0065224E /* after_earth.jpg */; };
		18F0B48F175DA3D00065224E /* fast6.jpg in Resources */ = {isa = PBXBuildFile; fileRef = 18F0B472175DA3CF0065224E /* fast6.jpg */; };
		18F0B490175DA3D00065224E /* internship.jpg in Resources */ = {isa = PBXBuildFile; fileRef = 18F0B473175DA3CF0065224E /* internship.jpg */; };
		18F0B491175DA3D00065224E /* florida_georgia_line.jpg in Resources */ = {isa = PBXBuildFile; fileRef = 18F0B475175DA3CF0065224E /* florida_georgia_line.jpg */; };
		18F0B492175DA3D00065224E /* macklemore.jpg in Resources */ = {isa = PBXBuildFile; fileRef = 18F0B476175DA3CF0065224E /* macklemore.jpg */; };
		18F0B493175DA3D00065224E /* pink.jpg in Resources */ = {isa = PBXBuildFile; fileRef = 18F0B477175DA3CF0065224E /* pink.jpg */; };
		18F0B494175DA3D00065224E /* timberlake.jpg in Resources */ = {isa = PBXBuildFile; fileRef = 18F0B478175DA3CF0065224E /* timberlake.jpg */; };
		18F0B495175DA3D00065224E /* florida_georgia_line.jpg in Resources */ = {isa = PBXBuildFile; fileRef = 18F0B479175DA3CF0065224E /* florida_georgia_line.jpg */; };
		18F0B496175DA3D00065224E /* macklemore.jpg in Resources */ = {isa = PBXBuildFile; fileRef = 18F0B47A175DA3CF0065224E /* macklemore.jpg */; };
		18F0B497175DA3D00065224E /* pink.jpg in Resources */ = {isa = PBXBuildFile; fileRef = 18F0B47B175DA3CF0065224E /* pink.jpg */; };
		18F0B498175DA3D00065224E /* timberlake.jpg in Resources */ = {isa = PBXBuildFile; fileRef = 18F0B47C175DA3CF0065224E /* timberlake.jpg */; };
		18F0B499175DA3D00065224E /* jcrew.jpg in Resources */ = {isa = PBXBuildFile; fileRef = 18F0B47E175DA3CF0065224E /* jcrew.jpg */; };
		18F0B49A175DA3D00065224E /* polo.jpg in Resources */ = {isa = PBXBuildFile; fileRef = 18F0B47F175DA3CF0065224E /* polo.jpg */; };
		18F0B49B175DA3D00065224E /* vneck.jpg in Resources */ = {isa = PBXBuildFile; fileRef = 18F0B480175DA3CF0065224E /* vneck.jpg */; };
		18F0B49C175DA3D00065224E /* jcrew.jpg in Resources */ = {isa = PBXBuildFile; fileRef = 18F0B481175DA3CF0065224E /* jcrew.jpg */; };
		18F0B49D175DA3D00065224E /* polo.jpg in Resources */ = {isa = PBXBuildFile; fileRef = 18F0B482175DA3D00065224E /* polo.jpg */; };
		18F0B49E175DA3D00065224E /* vneck.jpg in Resources */ = {isa = PBXBuildFile; fileRef = 18F0B483175DA3D00065224E /* vneck.jpg */; };
		18F0B49F175DA3D00065224E /* airforce.jpg in Resources */ = {isa = PBXBuildFile; fileRef = 18F0B485175DA3D00065224E /* airforce.jpg */; };
		18F0B4A0175DA3D00065224E /* cole_haan.jpg in Resources */ = {isa = PBXBuildFile; fileRef = 18F0B486175DA3D00065224E /* cole_haan.jpg */; };
		18F0B4A1175DA3D00065224E /* sperry.jpg in Resources */ = {isa = PBXBuildFile; fileRef = 18F0B487175DA3D00065224E /* sperry.jpg */; };
		18F0B4A2175DA3D00065224E /* airforce.jpg in Resources */ = {isa = PBXBuildFile; fileRef = 18F0B488175DA3D00065224E /* airforce.jpg */; };
		18F0B4A3175DA3D00065224E /* cole_haan.jpg in Resources */ = {isa = PBXBuildFile; fileRef = 18F0B489175DA3D00065224E /* cole_haan.jpg */; };
		18F0B4A4175DA3D00065224E /* sperry.jpg in Resources */ = {isa = PBXBuildFile; fileRef = 18F0B48A175DA3D00065224E /* sperry.jpg */; };
		18F0B4A8175DAC4B0065224E /* james.jpg in Resources */ = {isa = PBXBuildFile; fileRef = 18F0B4A5175DAC4B0065224E /* james.jpg */; };
		18F0B4A9175DAC4B0065224E /* neel.jpg in Resources */ = {isa = PBXBuildFile; fileRef = 18F0B4A6175DAC4B0065224E /* neel.jpg */; };
		18F0B4AA175DAC4B0065224E /* nithin.jpg in Resources */ = {isa = PBXBuildFile; fileRef = 18F0B4A7175DAC4B0065224E /* nithin.jpg */; };
		18F0B4AC175DAD0D0065224E /* circle.png in Resources */ = {isa = PBXBuildFile; fileRef = 18F0B4AB175DAD0D0065224E /* circle.png */; };
/* End PBXBuildFile section */

/* Begin PBXContainerItemProxy section */
		18F0B45A175D73990065224E /* PBXContainerItemProxy */ = {
			isa = PBXContainerItemProxy;
			containerPortal = 18F0B422175D73980065224E /* Project object */;
			proxyType = 1;
			remoteGlobalIDString = 18F0B42A175D73980065224E;
			remoteInfo = Mockup;
		};
/* End PBXContainerItemProxy section */

/* Begin PBXFileReference section */
		18F0B42B175D73980065224E /* Mockup.app */ = {isa = PBXFileReference; explicitFileType = wrapper.application; includeInIndex = 0; path = Mockup.app; sourceTree = BUILT_PRODUCTS_DIR; };
		18F0B42F175D73980065224E /* UIKit.framework */ = {isa = PBXFileReference; lastKnownFileType = wrapper.framework; name = UIKit.framework; path = System/Library/Frameworks/UIKit.framework; sourceTree = SDKROOT; };
		18F0B431175D73980065224E /* Foundation.framework */ = {isa = PBXFileReference; lastKnownFileType = wrapper.framework; name = Foundation.framework; path = System/Library/Frameworks/Foundation.framework; sourceTree = SDKROOT; };
		18F0B433175D73980065224E /* CoreGraphics.framework */ = {isa = PBXFileReference; lastKnownFileType = wrapper.framework; name = CoreGraphics.framework; path = System/Library/Frameworks/CoreGraphics.framework; sourceTree = SDKROOT; };
		18F0B437175D73980065224E /* Mockup-Info.plist */ = {isa = PBXFileReference; lastKnownFileType = text.plist.xml; path = "Mockup-Info.plist"; sourceTree = "<group>"; };
		18F0B439175D73980065224E /* en */ = {isa = PBXFileReference; lastKnownFileType = text.plist.strings; name = en; path = en.lproj/InfoPlist.strings; sourceTree = "<group>"; };
		18F0B43B175D73980065224E /* main.m */ = {isa = PBXFileReference; lastKnownFileType = sourcecode.c.objc; path = main.m; sourceTree = "<group>"; };
		18F0B43D175D73980065224E /* Mockup-Prefix.pch */ = {isa = PBXFileReference; lastKnownFileType = sourcecode.c.h; path = "Mockup-Prefix.pch"; sourceTree = "<group>"; };
		18F0B43E175D73980065224E /* AppDelegate.h */ = {isa = PBXFileReference; lastKnownFileType = sourcecode.c.h; path = AppDelegate.h; sourceTree = "<group>"; };
		18F0B43F175D73980065224E /* AppDelegate.m */ = {isa = PBXFileReference; lastKnownFileType = sourcecode.c.objc; path = AppDelegate.m; sourceTree = "<group>"; };
		18F0B441175D73980065224E /* Default.png */ = {isa = PBXFileReference; lastKnownFileType = image.png; path = Default.png; sourceTree = "<group>"; };
		18F0B443175D73980065224E /* Default@2x.png */ = {isa = PBXFileReference; lastKnownFileType = image.png; path = "Default@2x.png"; sourceTree = "<group>"; };
		18F0B445175D73980065224E /* Default-568h@2x.png */ = {isa = PBXFileReference; lastKnownFileType = image.png; path = "Default-568h@2x.png"; sourceTree = "<group>"; };
		18F0B448175D73980065224E /* en */ = {isa = PBXFileReference; lastKnownFileType = file.storyboard; name = en; path = en.lproj/MainStoryboard_iPhone.storyboard; sourceTree = "<group>"; };
		18F0B44B175D73980065224E /* en */ = {isa = PBXFileReference; lastKnownFileType = file.storyboard; name = en; path = en.lproj/MainStoryboard_iPad.storyboard; sourceTree = "<group>"; };
		18F0B44D175D73980065224E /* ViewController.h */ = {isa = PBXFileReference; lastKnownFileType = sourcecode.c.h; path = ViewController.h; sourceTree = "<group>"; };
		18F0B44E175D73980065224E /* ViewController.m */ = {isa = PBXFileReference; lastKnownFileType = sourcecode.c.objc; path = ViewController.m; sourceTree = "<group>"; };
		18F0B455175D73990065224E /* MockupTests.octest */ = {isa = PBXFileReference; explicitFileType = wrapper.cfbundle; includeInIndex = 0; path = MockupTests.octest; sourceTree = BUILT_PRODUCTS_DIR; };
		18F0B456175D73990065224E /* SenTestingKit.framework */ = {isa = PBXFileReference; lastKnownFileType = wrapper.framework; name = SenTestingKit.framework; path = Library/Frameworks/SenTestingKit.framework; sourceTree = DEVELOPER_DIR; };
		18F0B45E175D73990065224E /* MockupTests-Info.plist */ = {isa = PBXFileReference; lastKnownFileType = text.plist.xml; path = "MockupTests-Info.plist"; sourceTree = "<group>"; };
		18F0B460175D73990065224E /* en */ = {isa = PBXFileReference; lastKnownFileType = text.plist.strings; name = en; path = en.lproj/InfoPlist.strings; sourceTree = "<group>"; };
		18F0B462175D73990065224E /* MockupTests.h */ = {isa = PBXFileReference; lastKnownFileType = sourcecode.c.h; path = MockupTests.h; sourceTree = "<group>"; };
		18F0B463175D73990065224E /* MockupTests.m */ = {isa = PBXFileReference; lastKnownFileType = sourcecode.c.objc; path = MockupTests.m; sourceTree = "<group>"; };
		18F0B46E175DA3CF0065224E /* after_earth.jpg */ = {isa = PBXFileReference; lastKnownFileType = image.jpeg; path = after_earth.jpg; sourceTree = "<group>"; };
		18F0B46F175DA3CF0065224E /* fast6.jpg */ = {isa = PBXFileReference; lastKnownFileType = image.jpeg; path = fast6.jpg; sourceTree = "<group>"; };
		18F0B470175DA3CF0065224E /* internship.jpg */ = {isa = PBXFileReference; lastKnownFileType = image.jpeg; path = internship.jpg; sourceTree = "<group>"; };
		18F0B471175DA3CF0065224E /* after_earth.jpg */ = {isa = PBXFileReference; lastKnownFileType = image.jpeg; name = after_earth.jpg; path = ../../../../../Processing/Pixelate/mock_images/movies/after_earth.jpg; sourceTree = "<group>"; };
		18F0B472175DA3CF0065224E /* fast6.jpg */ = {isa = PBXFileReference; lastKnownFileType = image.jpeg; name = fast6.jpg; path = ../../../../../Processing/Pixelate/mock_images/movies/fast6.jpg; sourceTree = "<group>"; };
		18F0B473175DA3CF0065224E /* internship.jpg */ = {isa = PBXFileReference; lastKnownFileType = image.jpeg; name = internship.jpg; path = ../../../../../Processing/Pixelate/mock_images/movies/internship.jpg; sourceTree = "<group>"; };
		18F0B475175DA3CF0065224E /* florida_georgia_line.jpg */ = {isa = PBXFileReference; lastKnownFileType = image.jpeg; path = florida_georgia_line.jpg; sourceTree = "<group>"; };
		18F0B476175DA3CF0065224E /* macklemore.jpg */ = {isa = PBXFileReference; lastKnownFileType = image.jpeg; path = macklemore.jpg; sourceTree = "<group>"; };
		18F0B477175DA3CF0065224E /* pink.jpg */ = {isa = PBXFileReference; lastKnownFileType = image.jpeg; path = pink.jpg; sourceTree = "<group>"; };
		18F0B478175DA3CF0065224E /* timberlake.jpg */ = {isa = PBXFileReference; lastKnownFileType = image.jpeg; path = timberlake.jpg; sourceTree = "<group>"; };
		18F0B479175DA3CF0065224E /* florida_georgia_line.jpg */ = {isa = PBXFileReference; lastKnownFileType = image.jpeg; name = florida_georgia_line.jpg; path = ../../../../../Processing/Pixelate/mock_images/music/florida_georgia_line.jpg; sourceTree = "<group>"; };
		18F0B47A175DA3CF0065224E /* macklemore.jpg */ = {isa = PBXFileReference; lastKnownFileType = image.jpeg; name = macklemore.jpg; path = ../../../../../Processing/Pixelate/mock_images/music/macklemore.jpg; sourceTree = "<group>"; };
		18F0B47B175DA3CF0065224E /* pink.jpg */ = {isa = PBXFileReference; lastKnownFileType = image.jpeg; name = pink.jpg; path = ../../../../../Processing/Pixelate/mock_images/music/pink.jpg; sourceTree = "<group>"; };
		18F0B47C175DA3CF0065224E /* timberlake.jpg */ = {isa = PBXFileReference; lastKnownFileType = image.jpeg; name = timberlake.jpg; path = ../../../../../Processing/Pixelate/mock_images/music/timberlake.jpg; sourceTree = "<group>"; };
		18F0B47E175DA3CF0065224E /* jcrew.jpg */ = {isa = PBXFileReference; lastKnownFileType = image.jpeg; path = jcrew.jpg; sourceTree = "<group>"; };
		18F0B47F175DA3CF0065224E /* polo.jpg */ = {isa = PBXFileReference; lastKnownFileType = image.jpeg; path = polo.jpg; sourceTree = "<group>"; };
		18F0B480175DA3CF0065224E /* vneck.jpg */ = {isa = PBXFileReference; lastKnownFileType = image.jpeg; path = vneck.jpg; sourceTree = "<group>"; };
		18F0B481175DA3CF0065224E /* jcrew.jpg */ = {isa = PBXFileReference; lastKnownFileType = image.jpeg; name = jcrew.jpg; path = ../../../../../Processing/Pixelate/mock_images/shirts/jcrew.jpg; sourceTree = "<group>"; };
		18F0B482175DA3D00065224E /* polo.jpg */ = {isa = PBXFileReference; lastKnownFileType = image.jpeg; name = polo.jpg; path = ../../../../../Processing/Pixelate/mock_images/shirts/polo.jpg; sourceTree = "<group>"; };
		18F0B483175DA3D00065224E /* vneck.jpg */ = {isa = PBXFileReference; lastKnownFileType = image.jpeg; name = vneck.jpg; path = ../../../../../Processing/Pixelate/mock_images/shirts/vneck.jpg; sourceTree = "<group>"; };
		18F0B485175DA3D00065224E /* airforce.jpg */ = {isa = PBXFileReference; lastKnownFileType = image.jpeg; path = airforce.jpg; sourceTree = "<group>"; };
		18F0B486175DA3D00065224E /* cole_haan.jpg */ = {isa = PBXFileReference; lastKnownFileType = image.jpeg; path = cole_haan.jpg; sourceTree = "<group>"; };
		18F0B487175DA3D00065224E /* sperry.jpg */ = {isa = PBXFileReference; lastKnownFileType = image.jpeg; path = sperry.jpg; sourceTree = "<group>"; };
		18F0B488175DA3D00065224E /* airforce.jpg */ = {isa = PBXFileReference; lastKnownFileType = image.jpeg; name = airforce.jpg; path = ../../../../../Processing/Pixelate/mock_images/shoes/airforce.jpg; sourceTree = "<group>"; };
		18F0B489175DA3D00065224E /* cole_haan.jpg */ = {isa = PBXFileReference; lastKnownFileType = image.jpeg; name = cole_haan.jpg; path = ../../../../../Processing/Pixelate/mock_images/shoes/cole_haan.jpg; sourceTree = "<group>"; };
		18F0B48A175DA3D00065224E /* sperry.jpg */ = {isa = PBXFileReference; lastKnownFileType = image.jpeg; name = sperry.jpg; path = ../../../../../Processing/Pixelate/mock_images/shoes/sperry.jpg; sourceTree = "<group>"; };
		18F0B4A5175DAC4B0065224E /* james.jpg */ = {isa = PBXFileReference; lastKnownFileType = image.jpeg; name = james.jpg; path = ../../../../../Processing/Pixelate/mock_images/james.jpg; sourceTree = "<group>"; };
		18F0B4A6175DAC4B0065224E /* neel.jpg */ = {isa = PBXFileReference; lastKnownFileType = image.jpeg; name = neel.jpg; path = ../../../../../Processing/Pixelate/mock_images/neel.jpg; sourceTree = "<group>"; };
		18F0B4A7175DAC4B0065224E /* nithin.jpg */ = {isa = PBXFileReference; lastKnownFileType = image.jpeg; name = nithin.jpg; path = ../../../../../Processing/Pixelate/mock_images/nithin.jpg; sourceTree = "<group>"; };
		18F0B4AB175DAD0D0065224E /* circle.png */ = {isa = PBXFileReference; lastKnownFileType = image.png; name = circle.png; path = ../../../../../Processing/Pixelate/mock_images/circle.png; sourceTree = "<group>"; };
/* End PBXFileReference section */

/* Begin PBXFrameworksBuildPhase section */
		18F0B428175D73980065224E /* Frameworks */ = {
			isa = PBXFrameworksBuildPhase;
			buildActionMask = 2147483647;
			files = (
				18F0B430175D73980065224E /* UIKit.framework in Frameworks */,
				18F0B432175D73980065224E /* Foundation.framework in Frameworks */,
				18F0B434175D73980065224E /* CoreGraphics.framework in Frameworks */,
			);
			runOnlyForDeploymentPostprocessing = 0;
		};
		18F0B451175D73990065224E /* Frameworks */ = {
			isa = PBXFrameworksBuildPhase;
			buildActionMask = 2147483647;
			files = (
				18F0B457175D73990065224E /* SenTestingKit.framework in Frameworks */,
				18F0B458175D73990065224E /* UIKit.framework in Frameworks */,
				18F0B459175D73990065224E /* Foundation.framework in Frameworks */,
			);
			runOnlyForDeploymentPostprocessing = 0;
		};
/* End PBXFrameworksBuildPhase section */

/* Begin PBXGroup section */
		18F0B420175D73980065224E = {
			isa = PBXGroup;
			children = (
				18F0B435175D73980065224E /* Mockup */,
				18F0B45C175D73990065224E /* MockupTests */,
				18F0B42E175D73980065224E /* Frameworks */,
				18F0B42C175D73980065224E /* Products */,
			);
			sourceTree = "<group>";
		};
		18F0B42C175D73980065224E /* Products */ = {
			isa = PBXGroup;
			children = (
				18F0B42B175D73980065224E /* Mockup.app */,
				18F0B455175D73990065224E /* MockupTests.octest */,
			);
			name = Products;
			sourceTree = "<group>";
		};
		18F0B42E175D73980065224E /* Frameworks */ = {
			isa = PBXGroup;
			children = (
				18F0B42F175D73980065224E /* UIKit.framework */,
				18F0B431175D73980065224E /* Foundation.framework */,
				18F0B433175D73980065224E /* CoreGraphics.framework */,
				18F0B456175D73990065224E /* SenTestingKit.framework */,
			);
			name = Frameworks;
			sourceTree = "<group>";
		};
		18F0B435175D73980065224E /* Mockup */ = {
			isa = PBXGroup;
			children = (
				18F0B43E175D73980065224E /* AppDelegate.h */,
				18F0B43F175D73980065224E /* AppDelegate.m */,
				18F0B447175D73980065224E /* MainStoryboard_iPhone.storyboard */,
				18F0B44A175D73980065224E /* MainStoryboard_iPad.storyboard */,
				18F0B44D175D73980065224E /* ViewController.h */,
				18F0B44E175D73980065224E /* ViewController.m */,
				18F0B436175D73980065224E /* Supporting Files */,
			);
			path = Mockup;
			sourceTree = "<group>";
		};
		18F0B436175D73980065224E /* Supporting Files */ = {
			isa = PBXGroup;
			children = (
				18F0B4AB175DAD0D0065224E /* circle.png */,
				18F0B4A5175DAC4B0065224E /* james.jpg */,
				18F0B4A6175DAC4B0065224E /* neel.jpg */,
				18F0B4A7175DAC4B0065224E /* nithin.jpg */,
				18F0B46D175DA3CF0065224E /* movies */,
				18F0B471175DA3CF0065224E /* after_earth.jpg */,
				18F0B472175DA3CF0065224E /* fast6.jpg */,
				18F0B473175DA3CF0065224E /* internship.jpg */,
				18F0B474175DA3CF0065224E /* music */,
				18F0B479175DA3CF0065224E /* florida_georgia_line.jpg */,
				18F0B47A175DA3CF0065224E /* macklemore.jpg */,
				18F0B47B175DA3CF0065224E /* pink.jpg */,
				18F0B47C175DA3CF0065224E /* timberlake.jpg */,
				18F0B47D175DA3CF0065224E /* shirts */,
				18F0B481175DA3CF0065224E /* jcrew.jpg */,
				18F0B482175DA3D00065224E /* polo.jpg */,
				18F0B483175DA3D00065224E /* vneck.jpg */,
				18F0B484175DA3D00065224E /* shoes */,
				18F0B488175DA3D00065224E /* airforce.jpg */,
				18F0B489175DA3D00065224E /* cole_haan.jpg */,
				18F0B48A175DA3D00065224E /* sperry.jpg */,
				18F0B437175D73980065224E /* Mockup-Info.plist */,
				18F0B438175D73980065224E /* InfoPlist.strings */,
				18F0B43B175D73980065224E /* main.m */,
				18F0B43D175D73980065224E /* Mockup-Prefix.pch */,
				18F0B441175D73980065224E /* Default.png */,
				18F0B443175D73980065224E /* Default@2x.png */,
				18F0B445175D73980065224E /* Default-568h@2x.png */,
			);
			name = "Supporting Files";
			sourceTree = "<group>";
		};
		18F0B45C175D73990065224E /* MockupTests */ = {
			isa = PBXGroup;
			children = (
				18F0B462175D73990065224E /* MockupTests.h */,
				18F0B463175D73990065224E /* MockupTests.m */,
				18F0B45D175D73990065224E /* Supporting Files */,
			);
			path = MockupTests;
			sourceTree = "<group>";
		};
		18F0B45D175D73990065224E /* Supporting Files */ = {
			isa = PBXGroup;
			children = (
				18F0B45E175D73990065224E /* MockupTests-Info.plist */,
				18F0B45F175D73990065224E /* InfoPlist.strings */,
			);
			name = "Supporting Files";
			sourceTree = "<group>";
		};
		18F0B46D175DA3CF0065224E /* movies */ = {
			isa = PBXGroup;
			children = (
				18F0B46E175DA3CF0065224E /* after_earth.jpg */,
				18F0B46F175DA3CF0065224E /* fast6.jpg */,
				18F0B470175DA3CF0065224E /* internship.jpg */,
			);
			name = movies;
			path = ../../../../../Processing/Pixelate/mock_images/movies;
			sourceTree = "<group>";
		};
		18F0B474175DA3CF0065224E /* music */ = {
			isa = PBXGroup;
			children = (
				18F0B475175DA3CF0065224E /* florida_georgia_line.jpg */,
				18F0B476175DA3CF0065224E /* macklemore.jpg */,
				18F0B477175DA3CF0065224E /* pink.jpg */,
				18F0B478175DA3CF0065224E /* timberlake.jpg */,
			);
			name = music;
			path = ../../../../../Processing/Pixelate/mock_images/music;
			sourceTree = "<group>";
		};
		18F0B47D175DA3CF0065224E /* shirts */ = {
			isa = PBXGroup;
			children = (
				18F0B47E175DA3CF0065224E /* jcrew.jpg */,
				18F0B47F175DA3CF0065224E /* polo.jpg */,
				18F0B480175DA3CF0065224E /* vneck.jpg */,
			);
			name = shirts;
			path = ../../../../../Processing/Pixelate/mock_images/shirts;
			sourceTree = "<group>";
		};
		18F0B484175DA3D00065224E /* shoes */ = {
			isa = PBXGroup;
			children = (
				18F0B485175DA3D00065224E /* airforce.jpg */,
				18F0B486175DA3D00065224E /* cole_haan.jpg */,
				18F0B487175DA3D00065224E /* sperry.jpg */,
			);
			name = shoes;
			path = ../../../../../Processing/Pixelate/mock_images/shoes;
			sourceTree = "<group>";
		};
/* End PBXGroup section */

/* Begin PBXNativeTarget section */
		18F0B42A175D73980065224E /* Mockup */ = {
			isa = PBXNativeTarget;
			buildConfigurationList = 18F0B467175D73990065224E /* Build configuration list for PBXNativeTarget "Mockup" */;
			buildPhases = (
				18F0B427175D73980065224E /* Sources */,
				18F0B428175D73980065224E /* Frameworks */,
				18F0B429175D73980065224E /* Resources */,
			);
			buildRules = (
			);
			dependencies = (
			);
			name = Mockup;
			productName = Mockup;
			productReference = 18F0B42B175D73980065224E /* Mockup.app */;
			productType = "com.apple.product-type.application";
		};
		18F0B454175D73990065224E /* MockupTests */ = {
			isa = PBXNativeTarget;
			buildConfigurationList = 18F0B46A175D73990065224E /* Build configuration list for PBXNativeTarget "MockupTests" */;
			buildPhases = (
				18F0B450175D73990065224E /* Sources */,
				18F0B451175D73990065224E /* Frameworks */,
				18F0B452175D73990065224E /* Resources */,
				18F0B453175D73990065224E /* ShellScript */,
			);
			buildRules = (
			);
			dependencies = (
				18F0B45B175D73990065224E /* PBXTargetDependency */,
			);
			name = MockupTests;
			productName = MockupTests;
			productReference = 18F0B455175D73990065224E /* MockupTests.octest */;
			productType = "com.apple.product-type.bundle";
		};
/* End PBXNativeTarget section */

/* Begin PBXProject section */
		18F0B422175D73980065224E /* Project object */ = {
			isa = PBXProject;
			attributes = {
				LastUpgradeCheck = 0450;
				ORGANIZATIONNAME = "Neel Patel";
			};
			buildConfigurationList = 18F0B425175D73980065224E /* Build configuration list for PBXProject "Mockup" */;
			compatibilityVersion = "Xcode 3.2";
			developmentRegion = English;
			hasScannedForEncodings = 0;
			knownRegions = (
				en,
			);
			mainGroup = 18F0B420175D73980065224E;
			productRefGroup = 18F0B42C175D73980065224E /* Products */;
			projectDirPath = "";
			projectRoot = "";
			targets = (
				18F0B42A175D73980065224E /* Mockup */,
				18F0B454175D73990065224E /* MockupTests */,
			);
		};
/* End PBXProject section */

/* Begin PBXResourcesBuildPhase section */
		18F0B429175D73980065224E /* Resources */ = {
			isa = PBXResourcesBuildPhase;
			buildActionMask = 2147483647;
			files = (
				18F0B43A175D73980065224E /* InfoPlist.strings in Resources */,
				18F0B442175D73980065224E /* Default.png in Resources */,
				18F0B444175D73980065224E /* Default@2x.png in Resources */,
				18F0B446175D73980065224E /* Default-568h@2x.png in Resources */,
				18F0B449175D73980065224E /* MainStoryboard_iPhone.storyboard in Resources */,
				18F0B44C175D73980065224E /* MainStoryboard_iPad.storyboard in Resources */,
				18F0B48B175DA3D00065224E /* after_earth.jpg in Resources */,
				18F0B48C175DA3D00065224E /* fast6.jpg in Resources */,
				18F0B48D175DA3D00065224E /* internship.jpg in Resources */,
				18F0B48E175DA3D00065224E /* after_earth.jpg in Resources */,
				18F0B48F175DA3D00065224E /* fast6.jpg in Resources */,
				18F0B490175DA3D00065224E /* internship.jpg in Resources */,
				18F0B491175DA3D00065224E /* florida_georgia_line.jpg in Resources */,
				18F0B492175DA3D00065224E /* macklemore.jpg in Resources */,
				18F0B493175DA3D00065224E /* pink.jpg in Resources */,
				18F0B494175DA3D00065224E /* timberlake.jpg in Resources */,
				18F0B495175DA3D00065224E /* florida_georgia_line.jpg in Resources */,
				18F0B496175DA3D00065224E /* macklemore.jpg in Resources */,
				18F0B497175DA3D00065224E /* pink.jpg in Resources */,
				18F0B498175DA3D00065224E /* timberlake.jpg in Resources */,
				18F0B499175DA3D00065224E /* jcrew.jpg in Resources */,
				18F0B49A175DA3D00065224E /* polo.jpg in Resources */,
				18F0B49B175DA3D00065224E /* vneck.jpg in Resources */,
				18F0B49C175DA3D00065224E /* jcrew.jpg in Resources */,
				18F0B49D175DA3D00065224E /* polo.jpg in Resources */,
				18F0B49E175DA3D00065224E /* vneck.jpg in Resources */,
				18F0B49F175DA3D00065224E /* airforce.jpg in Resources */,
				18F0B4A0175DA3D00065224E /* cole_haan.jpg in Resources */,
				18F0B4A1175DA3D00065224E /* sperry.jpg in Resources */,
				18F0B4A2175DA3D00065224E /* airforce.jpg in Resources */,
				18F0B4A3175DA3D00065224E /* cole_haan.jpg in Resources */,
				18F0B4A4175DA3D00065224E /* sperry.jpg in Resources */,
				18F0B4A8175DAC4B0065224E /* james.jpg in Resources */,
				18F0B4A9175DAC4B0065224E /* neel.jpg in Resources */,
				18F0B4AA175DAC4B0065224E /* nithin.jpg in Resources */,
				18F0B4AC175DAD0D0065224E /* circle.png in Resources */,
			);
			runOnlyForDeploymentPostprocessing = 0;
		};
		18F0B452175D73990065224E /* Resources */ = {
			isa = PBXResourcesBuildPhase;
			buildActionMask = 2147483647;
			files = (
				18F0B461175D73990065224E /* InfoPlist.strings in Resources */,
			);
			runOnlyForDeploymentPostprocessing = 0;
		};
/* End PBXResourcesBuildPhase section */

/* Begin PBXShellScriptBuildPhase section */
		18F0B453175D73990065224E /* ShellScript */ = {
			isa = PBXShellScriptBuildPhase;
			buildActionMask = 2147483647;
			files = (
			);
			inputPaths = (
			);
			outputPaths = (
			);
			runOnlyForDeploymentPostprocessing = 0;
			shellPath = /bin/sh;
			shellScript = "# Run the unit tests in this test bundle.\n\"${SYSTEM_DEVELOPER_DIR}/Tools/RunUnitTests\"\n";
		};
/* End PBXShellScriptBuildPhase section */

/* Begin PBXSourcesBuildPhase section */
		18F0B427175D73980065224E /* Sources */ = {
			isa = PBXSourcesBuildPhase;
			buildActionMask = 2147483647;
			files = (
				18F0B43C175D73980065224E /* main.m in Sources */,
				18F0B440175D73980065224E /* AppDelegate.m in Sources */,
				18F0B44F175D73980065224E /* ViewController.m in Sources */,
			);
			runOnlyForDeploymentPostprocessing = 0;
		};
		18F0B450175D73990065224E /* Sources */ = {
			isa = PBXSourcesBuildPhase;
			buildActionMask = 2147483647;
			files = (
				18F0B464175D73990065224E /* MockupTests.m in Sources */,
			);
			runOnlyForDeploymentPostprocessing = 0;
		};
/* End PBXSourcesBuildPhase section */

/* Begin PBXTargetDependency section */
		18F0B45B175D73990065224E /* PBXTargetDependency */ = {
			isa = PBXTargetDependency;
			target = 18F0B42A175D73980065224E /* Mockup */;
			targetProxy = 18F0B45A175D73990065224E /* PBXContainerItemProxy */;
		};
/* End PBXTargetDependency section */

/* Begin PBXVariantGroup section */
		18F0B438175D73980065224E /* InfoPlist.strings */ = {
			isa = PBXVariantGroup;
			children = (
				18F0B439175D73980065224E /* en */,
			);
			name = InfoPlist.strings;
			sourceTree = "<group>";
		};
		18F0B447175D73980065224E /* MainStoryboard_iPhone.storyboard */ = {
			isa = PBXVariantGroup;
			children = (
				18F0B448175D73980065224E /* en */,
			);
			name = MainStoryboard_iPhone.storyboard;
			sourceTree = "<group>";
		};
		18F0B44A175D73980065224E /* MainStoryboard_iPad.storyboard */ = {
			isa = PBXVariantGroup;
			children = (
				18F0B44B175D73980065224E /* en */,
			);
			name = MainStoryboard_iPad.storyboard;
			sourceTree = "<group>";
		};
		18F0B45F175D73990065224E /* InfoPlist.strings */ = {
			isa = PBXVariantGroup;
			children = (
				18F0B460175D73990065224E /* en */,
			);
			name = InfoPlist.strings;
			sourceTree = "<group>";
		};
/* End PBXVariantGroup section */

/* Begin XCBuildConfiguration section */
		18F0B465175D73990065224E /* Debug */ = {
			isa = XCBuildConfiguration;
			buildSettings = {
				ALWAYS_SEARCH_USER_PATHS = NO;
				CLANG_CXX_LANGUAGE_STANDARD = "gnu++0x";
				CLANG_CXX_LIBRARY = "libc++";
				CLANG_ENABLE_OBJC_ARC = YES;
				CLANG_WARN_EMPTY_BODY = YES;
				CLANG_WARN__DUPLICATE_METHOD_MATCH = YES;
				"CODE_SIGN_IDENTITY[sdk=iphoneos*]" = "iPhone Developer";
				COPY_PHASE_STRIP = NO;
				GCC_C_LANGUAGE_STANDARD = gnu99;
				GCC_DYNAMIC_NO_PIC = NO;
				GCC_OPTIMIZATION_LEVEL = 0;
				GCC_PREPROCESSOR_DEFINITIONS = (
					"DEBUG=1",
					"$(inherited)",
				);
				GCC_SYMBOLS_PRIVATE_EXTERN = NO;
				GCC_WARN_ABOUT_RETURN_TYPE = YES;
				GCC_WARN_UNINITIALIZED_AUTOS = YES;
				GCC_WARN_UNUSED_VARIABLE = YES;
				IPHONEOS_DEPLOYMENT_TARGET = 6.0;
				ONLY_ACTIVE_ARCH = YES;
				SDKROOT = iphoneos;
				TARGETED_DEVICE_FAMILY = "1,2";
			};
			name = Debug;
		};
		18F0B466175D73990065224E /* Release */ = {
			isa = XCBuildConfiguration;
			buildSettings = {
				ALWAYS_SEARCH_USER_PATHS = NO;
				CLANG_CXX_LANGUAGE_STANDARD = "gnu++0x";
				CLANG_CXX_LIBRARY = "libc++";
				CLANG_ENABLE_OBJC_ARC = YES;
				CLANG_WARN_EMPTY_BODY = YES;
				CLANG_WARN__DUPLICATE_METHOD_MATCH = YES;
				"CODE_SIGN_IDENTITY[sdk=iphoneos*]" = "iPhone Developer";
				COPY_PHASE_STRIP = YES;
				GCC_C_LANGUAGE_STANDARD = gnu99;
				GCC_WARN_ABOUT_RETURN_TYPE = YES;
				GCC_WARN_UNINITIALIZED_AUTOS = YES;
				GCC_WARN_UNUSED_VARIABLE = YES;
				IPHONEOS_DEPLOYMENT_TARGET = 6.0;
				OTHER_CFLAGS = "-DNS_BLOCK_ASSERTIONS=1";
				SDKROOT = iphoneos;
				TARGETED_DEVICE_FAMILY = "1,2";
				VALIDATE_PRODUCT = YES;
			};
			name = Release;
		};
		18F0B468175D73990065224E /* Debug */ = {
			isa = XCBuildConfiguration;
			buildSettings = {
				GCC_PRECOMPILE_PREFIX_HEADER = YES;
				GCC_PREFIX_HEADER = "Mockup/Mockup-Prefix.pch";
				INFOPLIST_FILE = "Mockup/Mockup-Info.plist";
				PRODUCT_NAME = "$(TARGET_NAME)";
				TARGETED_DEVICE_FAMILY = 1;
				WRAPPER_EXTENSION = app;
			};
			name = Debug;
		};
		18F0B469175D73990065224E /* Release */ = {
			isa = XCBuildConfiguration;
			buildSettings = {
				GCC_PRECOMPILE_PREFIX_HEADER = YES;
				GCC_PREFIX_HEADER = "Mockup/Mockup-Prefix.pch";
				INFOPLIST_FILE = "Mockup/Mockup-Info.plist";
				PRODUCT_NAME = "$(TARGET_NAME)";
				TARGETED_DEVICE_FAMILY = 1;
				WRAPPER_EXTENSION = app;
			};
			name = Release;
		};
		18F0B46B175D73990065224E /* Debug */ = {
			isa = XCBuildConfiguration;
			buildSettings = {
				BUNDLE_LOADER = "$(BUILT_PRODUCTS_DIR)/Mockup.app/Mockup";
				FRAMEWORK_SEARCH_PATHS = (
					"\"$(SDKROOT)/Developer/Library/Frameworks\"",
					"\"$(DEVELOPER_LIBRARY_DIR)/Frameworks\"",
				);
				GCC_PRECOMPILE_PREFIX_HEADER = YES;
				GCC_PREFIX_HEADER = "Mockup/Mockup-Prefix.pch";
				INFOPLIST_FILE = "MockupTests/MockupTests-Info.plist";
				PRODUCT_NAME = "$(TARGET_NAME)";
				TEST_HOST = "$(BUNDLE_LOADER)";
				WRAPPER_EXTENSION = octest;
			};
			name = Debug;
		};
		18F0B46C175D73990065224E /* Release */ = {
			isa = XCBuildConfiguration;
			buildSettings = {
				BUNDLE_LOADER = "$(BUILT_PRODUCTS_DIR)/Mockup.app/Mockup";
				FRAMEWORK_SEARCH_PATHS = (
					"\"$(SDKROOT)/Developer/Library/Frameworks\"",
					"\"$(DEVELOPER_LIBRARY_DIR)/Frameworks\"",
				);
				GCC_PRECOMPILE_PREFIX_HEADER = YES;
				GCC_PREFIX_HEADER = "Mockup/Mockup-Prefix.pch";
				INFOPLIST_FILE = "MockupTests/MockupTests-Info.plist";
				PRODUCT_NAME = "$(TARGET_NAME)";
				TEST_HOST = "$(BUNDLE_LOADER)";
				WRAPPER_EXTENSION = octest;
			};
			name = Release;
		};
/* End XCBuildConfiguration section */

/* Begin XCConfigurationList section */
		18F0B425175D73980065224E /* Build configuration list for PBXProject "Mockup" */ = {
			isa = XCConfigurationList;
			buildConfigurations = (
				18F0B465175D73990065224E /* Debug */,
				18F0B466175D73990065224E /* Release */,
			);
			defaultConfigurationIsVisible = 0;
			defaultConfigurationName = Release;
		};
		18F0B467175D73990065224E /* Build configuration list for PBXNativeTarget "Mockup" */ = {
			isa = XCConfigurationList;
			buildConfigurations = (
				18F0B468175D73990065224E /* Debug */,
				18F0B469175D73990065224E /* Release */,
			);
			defaultConfigurationIsVisible = 0;
		};
		18F0B46A175D73990065224E /* Build configuration list for PBXNativeTarget "MockupTests" */ = {
			isa = XCConfigurationList;
			buildConfigurations = (
				18F0B46B175D73990065224E /* Debug */,
				18F0B46C175D73990065224E /* Release */,
			);
			defaultConfigurationIsVisible = 0;
		};
/* End XCConfigurationList section */
	};
	rootObject = 18F0B422175D73980065224E /* Project object */;
}
