// !$*UTF8*$!
{
	archiveVersion = 1;
	classes = {
	};
	objectVersion = 46;
	objects = {

/* Begin PBXBuildFile section */
		18030569176C9EB400066765 /* purple_progress.png in Resources */ = {isa = PBXBuildFile; fileRef = 18030565176C9EB400066765 /* purple_progress.png */; };
		1803056A176C9EB400066765 /* yellow_progress.png in Resources */ = {isa = PBXBuildFile; fileRef = 18030566176C9EB400066765 /* yellow_progress.png */; };
		1803056B176C9EB400066765 /* car.png in Resources */ = {isa = PBXBuildFile; fileRef = 18030567176C9EB400066765 /* car.png */; };
		1803056C176C9EB400066765 /* lightbulb.png in Resources */ = {isa = PBXBuildFile; fileRef = 18030568176C9EB400066765 /* lightbulb.png */; };
		1812FE19176A9F1C003E581F /* TableViewController.m in Sources */ = {isa = PBXBuildFile; fileRef = 1812FE18176A9F1C003E581F /* TableViewController.m */; };
		1812FE1C176B2EDA003E581F /* FeedObject.m in Sources */ = {isa = PBXBuildFile; fileRef = 1812FE1B176B2EDA003E581F /* FeedObject.m */; };
		1817F203175DEB0200855A36 /* ToastAlert.m in Sources */ = {isa = PBXBuildFile; fileRef = 1817F202175DEB0200855A36 /* ToastAlert.m */; };
		181D4A9617693F000096C6A6 /* Answer.m in Sources */ = {isa = PBXBuildFile; fileRef = 181D4A9517693F000096C6A6 /* Answer.m */; };
		187F7EEA176C1BDE0008DF7B /* FeedObjectCell.m in Sources */ = {isa = PBXBuildFile; fileRef = 187F7EE9176C1BDE0008DF7B /* FeedObjectCell.m */; };
		18EF5B391768EF3100B392D0 /* FacebookSDK.framework in Frameworks */ = {isa = PBXBuildFile; fileRef = 18EF5B371768EF3100B392D0 /* FacebookSDK.framework */; };
		18EF5B3A1768EF3100B392D0 /* FacebookSDKResources.bundle in Resources */ = {isa = PBXBuildFile; fileRef = 18EF5B381768EF3100B392D0 /* FacebookSDKResources.bundle */; };
		18EF5B4A1768FABB00B392D0 /* big_circle.png in Resources */ = {isa = PBXBuildFile; fileRef = 18EF5B3B1768FABB00B392D0 /* big_circle.png */; };
		18EF5B4B1768FABB00B392D0 /* brown_shoe.png in Resources */ = {isa = PBXBuildFile; fileRef = 18EF5B3C1768FABB00B392D0 /* brown_shoe.png */; };
		18EF5B4C1768FABB00B392D0 /* facebook_icon.png in Resources */ = {isa = PBXBuildFile; fileRef = 18EF5B3D1768FABB00B392D0 /* facebook_icon.png */; };
		18EF5B4D1768FABB00B392D0 /* heart.png in Resources */ = {isa = PBXBuildFile; fileRef = 18EF5B3E1768FABB00B392D0 /* heart.png */; };
		18EF5B4E1768FABB00B392D0 /* left_line.png in Resources */ = {isa = PBXBuildFile; fileRef = 18EF5B3F1768FABB00B392D0 /* left_line.png */; };
		18EF5B4F1768FABB00B392D0 /* login_divider.png in Resources */ = {isa = PBXBuildFile; fileRef = 18EF5B401768FABB00B392D0 /* login_divider.png */; };
		18EF5B501768FABB00B392D0 /* login_pave.png in Resources */ = {isa = PBXBuildFile; fileRef = 18EF5B411768FABB00B392D0 /* login_pave.png */; };
		18EF5B511768FABB00B392D0 /* nav_bar.png in Resources */ = {isa = PBXBuildFile; fileRef = 18EF5B421768FABB00B392D0 /* nav_bar.png */; };
		18EF5B521768FABB00B392D0 /* neel_circle.png in Resources */ = {isa = PBXBuildFile; fileRef = 18EF5B431768FABB00B392D0 /* neel_circle.png */; };
		18EF5B531768FABB00B392D0 /* pave_top.png in Resources */ = {isa = PBXBuildFile; fileRef = 18EF5B441768FABB00B392D0 /* pave_top.png */; };
		18EF5B541768FABB00B392D0 /* profile_icon.png in Resources */ = {isa = PBXBuildFile; fileRef = 18EF5B451768FABB00B392D0 /* profile_icon.png */; };
		18EF5B551768FABB00B392D0 /* road_icon.png in Resources */ = {isa = PBXBuildFile; fileRef = 18EF5B461768FABB00B392D0 /* road_icon.png */; };
		18EF5B561768FABB00B392D0 /* social_feed_icon.png in Resources */ = {isa = PBXBuildFile; fileRef = 18EF5B471768FABB00B392D0 /* social_feed_icon.png */; };
		18EF5B571768FABB00B392D0 /* top_bar.png in Resources */ = {isa = PBXBuildFile; fileRef = 18EF5B481768FABB00B392D0 /* top_bar.png */; };
		18EF5B581768FABB00B392D0 /* white_shoe.png in Resources */ = {isa = PBXBuildFile; fileRef = 18EF5B491768FABB00B392D0 /* white_shoe.png */; };
		18F0B430175D73980065224E /* UIKit.framework in Frameworks */ = {isa = PBXBuildFile; fileRef = 18F0B42F175D73980065224E /* UIKit.framework */; };
		18F0B432175D73980065224E /* Foundation.framework in Frameworks */ = {isa = PBXBuildFile; fileRef = 18F0B431175D73980065224E /* Foundation.framework */; };
		18F0B434175D73980065224E /* CoreGraphics.framework in Frameworks */ = {isa = PBXBuildFile; fileRef = 18F0B433175D73980065224E /* CoreGraphics.framework */; };
		18F0B43A175D73980065224E /* InfoPlist.strings in Resources */ = {isa = PBXBuildFile; fileRef = 18F0B438175D73980065224E /* InfoPlist.strings */; };
		18F0B43C175D73980065224E /* main.m in Sources */ = {isa = PBXBuildFile; fileRef = 18F0B43B175D73980065224E /* main.m */; };
		18F0B440175D73980065224E /* AppDelegate.m in Sources */ = {isa = PBXBuildFile; fileRef = 18F0B43F175D73980065224E /* AppDelegate.m */; };
		18F0B442175D73980065224E /* Default.png in Resources */ = {isa = PBXBuildFile; fileRef = 18F0B441175D73980065224E /* Default.png */; };
		18F0B444175D73980065224E /* Default@2x.png in Resources */ = {isa = PBXBuildFile; fileRef = 18F0B443175D73980065224E /* Default@2x.png */; };
		18F0B446175D73980065224E /* Default-568h@2x.png in Resources */ = {isa = PBXBuildFile; fileRef = 18F0B445175D73980065224E /* Default-568h@2x.png */; };
		18F0B449175D73980065224E /* MainStoryboard_iPhone.storyboard in Resources */ = {isa = PBXBuildFile; fileRef = 18F0B447175D73980065224E /* MainStoryboard_iPhone.storyboard */; };
		18F0B44C175D73980065224E /* MainStoryboard_iPad.storyboard in Resources */ = {isa = PBXBuildFile; fileRef = 18F0B44A175D73980065224E /* MainStoryboard_iPad.storyboard */; };
		18F0B44F175D73980065224E /* ViewController.m in Sources */ = {isa = PBXBuildFile; fileRef = 18F0B44E175D73980065224E /* ViewController.m */; };
		18F0B457175D73990065224E /* SenTestingKit.framework in Frameworks */ = {isa = PBXBuildFile; fileRef = 18F0B456175D73990065224E /* SenTestingKit.framework */; };
		18F0B458175D73990065224E /* UIKit.framework in Frameworks */ = {isa = PBXBuildFile; fileRef = 18F0B42F175D73980065224E /* UIKit.framework */; };
		18F0B459175D73990065224E /* Foundation.framework in Frameworks */ = {isa = PBXBuildFile; fileRef = 18F0B431175D73980065224E /* Foundation.framework */; };
		18F0B461175D73990065224E /* InfoPlist.strings in Resources */ = {isa = PBXBuildFile; fileRef = 18F0B45F175D73990065224E /* InfoPlist.strings */; };
		18F0B464175D73990065224E /* MockupTests.m in Sources */ = {isa = PBXBuildFile; fileRef = 18F0B463175D73990065224E /* MockupTests.m */; };
		18F1979D176C46DC00A6726B /* MKAnnotationView+WebCache.m in Sources */ = {isa = PBXBuildFile; fileRef = 18F19781176C46DC00A6726B /* MKAnnotationView+WebCache.m */; };
		18F1979E176C46DC00A6726B /* NSData+GIF.m in Sources */ = {isa = PBXBuildFile; fileRef = 18F19783176C46DC00A6726B /* NSData+GIF.m */; };
		18F1979F176C46DC00A6726B /* SDImageCache.m in Sources */ = {isa = PBXBuildFile; fileRef = 18F19785176C46DC00A6726B /* SDImageCache.m */; };
		18F197A0176C46DC00A6726B /* SDWebImageCompat.m in Sources */ = {isa = PBXBuildFile; fileRef = 18F19787176C46DC00A6726B /* SDWebImageCompat.m */; };
		18F197A1176C46DC00A6726B /* SDWebImageDecoder.m in Sources */ = {isa = PBXBuildFile; fileRef = 18F19789176C46DC00A6726B /* SDWebImageDecoder.m */; };
		18F197A2176C46DC00A6726B /* SDWebImageDownloader.m in Sources */ = {isa = PBXBuildFile; fileRef = 18F1978B176C46DC00A6726B /* SDWebImageDownloader.m */; };
		18F197A3176C46DC00A6726B /* SDWebImageDownloaderOperation.m in Sources */ = {isa = PBXBuildFile; fileRef = 18F1978D176C46DC00A6726B /* SDWebImageDownloaderOperation.m */; };
		18F197A4176C46DC00A6726B /* SDWebImageManager.m in Sources */ = {isa = PBXBuildFile; fileRef = 18F1978F176C46DC00A6726B /* SDWebImageManager.m */; };
		18F197A5176C46DC00A6726B /* SDWebImagePrefetcher.m in Sources */ = {isa = PBXBuildFile; fileRef = 18F19792176C46DC00A6726B /* SDWebImagePrefetcher.m */; };
		18F197A6176C46DC00A6726B /* UIButton+WebCache.m in Sources */ = {isa = PBXBuildFile; fileRef = 18F19794176C46DC00A6726B /* UIButton+WebCache.m */; };
		18F197A7176C46DC00A6726B /* UIImage+GIF.m in Sources */ = {isa = PBXBuildFile; fileRef = 18F19796176C46DC00A6726B /* UIImage+GIF.m */; };
		18F197A8176C46DC00A6726B /* UIImage+MultiFormat.m in Sources */ = {isa = PBXBuildFile; fileRef = 18F19798176C46DC00A6726B /* UIImage+MultiFormat.m */; };
		18F197A9176C46DC00A6726B /* UIImage+WebP.m in Sources */ = {isa = PBXBuildFile; fileRef = 18F1979A176C46DC00A6726B /* UIImage+WebP.m */; };
		18F197AA176C46DC00A6726B /* UIImageView+WebCache.m in Sources */ = {isa = PBXBuildFile; fileRef = 18F1979C176C46DC00A6726B /* UIImageView+WebCache.m */; };
		18F197AD176C55C800A6726B /* MapKit.framework in Frameworks */ = {isa = PBXBuildFile; fileRef = 18F197AC176C55C800A6726B /* MapKit.framework */; };
		18F197AE176C563200A6726B /* MKAnnotationView+WebCache.h in Sources */ = {isa = PBXBuildFile; fileRef = 18F19780176C46DC00A6726B /* MKAnnotationView+WebCache.h */; };
		18F197AF176C563200A6726B /* NSData+GIF.h in Sources */ = {isa = PBXBuildFile; fileRef = 18F19782176C46DC00A6726B /* NSData+GIF.h */; };
		18F197B0176C563200A6726B /* SDImageCache.h in Sources */ = {isa = PBXBuildFile; fileRef = 18F19784176C46DC00A6726B /* SDImageCache.h */; };
		18F197B1176C563200A6726B /* SDWebImageCompat.h in Sources */ = {isa = PBXBuildFile; fileRef = 18F19786176C46DC00A6726B /* SDWebImageCompat.h */; };
		18F197B2176C563200A6726B /* SDWebImageDecoder.h in Sources */ = {isa = PBXBuildFile; fileRef = 18F19788176C46DC00A6726B /* SDWebImageDecoder.h */; };
		18F197B3176C563200A6726B /* SDWebImageDownloader.h in Sources */ = {isa = PBXBuildFile; fileRef = 18F1978A176C46DC00A6726B /* SDWebImageDownloader.h */; };
		18F197B4176C563200A6726B /* SDWebImageDownloaderOperation.h in Sources */ = {isa = PBXBuildFile; fileRef = 18F1978C176C46DC00A6726B /* SDWebImageDownloaderOperation.h */; };
		18F197B5176C563200A6726B /* SDWebImageManager.h in Sources */ = {isa = PBXBuildFile; fileRef = 18F1978E176C46DC00A6726B /* SDWebImageManager.h */; };
		18F197B6176C563200A6726B /* SDWebImageOperation.h in Sources */ = {isa = PBXBuildFile; fileRef = 18F19790176C46DC00A6726B /* SDWebImageOperation.h */; };
		18F197B7176C563200A6726B /* SDWebImagePrefetcher.h in Sources */ = {isa = PBXBuildFile; fileRef = 18F19791176C46DC00A6726B /* SDWebImagePrefetcher.h */; };
		18F197B8176C563200A6726B /* UIButton+WebCache.h in Sources */ = {isa = PBXBuildFile; fileRef = 18F19793176C46DC00A6726B /* UIButton+WebCache.h */; };
		18F197B9176C563200A6726B /* UIImage+GIF.h in Sources */ = {isa = PBXBuildFile; fileRef = 18F19795176C46DC00A6726B /* UIImage+GIF.h */; };
		18F197BA176C563200A6726B /* UIImage+MultiFormat.h in Sources */ = {isa = PBXBuildFile; fileRef = 18F19797176C46DC00A6726B /* UIImage+MultiFormat.h */; };
		18F197BB176C563200A6726B /* UIImage+WebP.h in Sources */ = {isa = PBXBuildFile; fileRef = 18F19799176C46DC00A6726B /* UIImage+WebP.h */; };
		18F197BC176C563200A6726B /* UIImageView+WebCache.h in Sources */ = {isa = PBXBuildFile; fileRef = 18F1979B176C46DC00A6726B /* UIImageView+WebCache.h */; };
		18F197BE176C571E00A6726B /* ImageIO.framework in Frameworks */ = {isa = PBXBuildFile; fileRef = 18F197BD176C571E00A6726B /* ImageIO.framework */; };
		18F197C0176C848600A6726B /* tableBackground.png in Resources */ = {isa = PBXBuildFile; fileRef = 18F197BF176C848600A6726B /* tableBackground.png */; };
		B0345CD7176E09A300452280 /* AFHTTPClient.m in Sources */ = {isa = PBXBuildFile; fileRef = B0345CC5176E09A300452280 /* AFHTTPClient.m */; };
		B0345CD8176E09A300452280 /* AFHTTPRequestOperation.m in Sources */ = {isa = PBXBuildFile; fileRef = B0345CC7176E09A300452280 /* AFHTTPRequestOperation.m */; };
		B0345CD9176E09A300452280 /* AFImageRequestOperation.m in Sources */ = {isa = PBXBuildFile; fileRef = B0345CC9176E09A300452280 /* AFImageRequestOperation.m */; };
		B0345CDA176E09A300452280 /* AFJSONRequestOperation.m in Sources */ = {isa = PBXBuildFile; fileRef = B0345CCB176E09A300452280 /* AFJSONRequestOperation.m */; };
		B0345CDB176E09A300452280 /* AFNetworkActivityIndicatorManager.m in Sources */ = {isa = PBXBuildFile; fileRef = B0345CCD176E09A300452280 /* AFNetworkActivityIndicatorManager.m */; };
		B0345CDC176E09A300452280 /* AFPropertyListRequestOperation.m in Sources */ = {isa = PBXBuildFile; fileRef = B0345CD0176E09A300452280 /* AFPropertyListRequestOperation.m */; };
		B0345CDD176E09A300452280 /* AFURLConnectionOperation.m in Sources */ = {isa = PBXBuildFile; fileRef = B0345CD2176E09A300452280 /* AFURLConnectionOperation.m */; };
		B0345CDE176E09A300452280 /* AFXMLRequestOperation.m in Sources */ = {isa = PBXBuildFile; fileRef = B0345CD4176E09A300452280 /* AFXMLRequestOperation.m */; };
		B0345CDF176E09A300452280 /* UIImageView+AFNetworking.m in Sources */ = {isa = PBXBuildFile; fileRef = B0345CD6176E09A300452280 /* UIImageView+AFNetworking.m */; };
		B0345CE2176E90AE00452280 /* PaveAPIClient.m in Sources */ = {isa = PBXBuildFile; fileRef = B0345CE1176E90AE00452280 /* PaveAPIClient.m */; };
		B0345D19176ED5D900452280 /* SBJsonParser.m in Sources */ = {isa = PBXBuildFile; fileRef = B0345D06176ED5D900452280 /* SBJsonParser.m */; };
		B0345D1A176ED5D900452280 /* SBJsonStreamParser.m in Sources */ = {isa = PBXBuildFile; fileRef = B0345D08176ED5D900452280 /* SBJsonStreamParser.m */; };
		B0345D1B176ED5D900452280 /* SBJsonStreamParserAccumulator.m in Sources */ = {isa = PBXBuildFile; fileRef = B0345D0A176ED5D900452280 /* SBJsonStreamParserAccumulator.m */; };
		B0345D1C176ED5D900452280 /* SBJsonStreamParserAdapter.m in Sources */ = {isa = PBXBuildFile; fileRef = B0345D0C176ED5D900452280 /* SBJsonStreamParserAdapter.m */; };
		B0345D1D176ED5D900452280 /* SBJsonStreamParserState.m in Sources */ = {isa = PBXBuildFile; fileRef = B0345D0E176ED5D900452280 /* SBJsonStreamParserState.m */; };
		B0345D1E176ED5D900452280 /* SBJsonStreamTokeniser.m in Sources */ = {isa = PBXBuildFile; fileRef = B0345D10176ED5D900452280 /* SBJsonStreamTokeniser.m */; };
		B0345D1F176ED5D900452280 /* SBJsonStreamWriter.m in Sources */ = {isa = PBXBuildFile; fileRef = B0345D12176ED5D900452280 /* SBJsonStreamWriter.m */; };
		B0345D20176ED5D900452280 /* SBJsonStreamWriterAccumulator.m in Sources */ = {isa = PBXBuildFile; fileRef = B0345D14176ED5D900452280 /* SBJsonStreamWriterAccumulator.m */; };
		B0345D21176ED5D900452280 /* SBJsonStreamWriterState.m in Sources */ = {isa = PBXBuildFile; fileRef = B0345D16176ED5D900452280 /* SBJsonStreamWriterState.m */; };
		B0345D22176ED5D900452280 /* SBJsonWriter.m in Sources */ = {isa = PBXBuildFile; fileRef = B0345D18176ED5D900452280 /* SBJsonWriter.m */; };
		B08F646C1761584900DDF992 /* Parse.framework in Frameworks */ = {isa = PBXBuildFile; fileRef = B08F646B1761584900DDF992 /* Parse.framework */; };
		B08F646E1761589900DDF992 /* AudioToolbox.framework in Frameworks */ = {isa = PBXBuildFile; fileRef = B08F646D1761589900DDF992 /* AudioToolbox.framework */; };
		B08F6470176158A000DDF992 /* CFNetwork.framework in Frameworks */ = {isa = PBXBuildFile; fileRef = B08F646F176158A000DDF992 /* CFNetwork.framework */; };
		B08F6472176158AB00DDF992 /* CoreLocation.framework in Frameworks */ = {isa = PBXBuildFile; fileRef = B08F6471176158AB00DDF992 /* CoreLocation.framework */; };
		B08F6474176158B200DDF992 /* libz.1.1.3.dylib in Frameworks */ = {isa = PBXBuildFile; fileRef = B08F6473176158B200DDF992 /* libz.1.1.3.dylib */; };
		B08F6476176158B800DDF992 /* MobileCoreServices.framework in Frameworks */ = {isa = PBXBuildFile; fileRef = B08F6475176158B800DDF992 /* MobileCoreServices.framework */; };
		B08F6478176158BE00DDF992 /* QuartzCore.framework in Frameworks */ = {isa = PBXBuildFile; fileRef = B08F6477176158BE00DDF992 /* QuartzCore.framework */; };
		B08F647A176158C500DDF992 /* Security.framework in Frameworks */ = {isa = PBXBuildFile; fileRef = B08F6479176158C500DDF992 /* Security.framework */; };
		B08F647C176158CB00DDF992 /* StoreKit.framework in Frameworks */ = {isa = PBXBuildFile; fileRef = B08F647B176158CB00DDF992 /* StoreKit.framework */; };
		B08F647E176158D200DDF992 /* SystemConfiguration.framework in Frameworks */ = {isa = PBXBuildFile; fileRef = B08F647D176158D200DDF992 /* SystemConfiguration.framework */; };
		B08F648417615A9200DDF992 /* AdSupport.framework in Frameworks */ = {isa = PBXBuildFile; fileRef = B08F648317615A9200DDF992 /* AdSupport.framework */; };
		B08F648617615A9900DDF992 /* Accounts.framework in Frameworks */ = {isa = PBXBuildFile; fileRef = B08F648517615A9900DDF992 /* Accounts.framework */; };
		B08F648817615AA300DDF992 /* libsqlite3.dylib in Frameworks */ = {isa = PBXBuildFile; fileRef = B08F648717615AA300DDF992 /* libsqlite3.dylib */; };
		B08F648A17615AB400DDF992 /* Social.framework in Frameworks */ = {isa = PBXBuildFile; fileRef = B08F648917615AB400DDF992 /* Social.framework */; };
		B08F648F17615C9200DDF992 /* login-button-small-pressed.png in Resources */ = {isa = PBXBuildFile; fileRef = B08F648B17615C9100DDF992 /* login-button-small-pressed.png */; };
		B08F649017615C9200DDF992 /* login-button-small-pressed@2x.png in Resources */ = {isa = PBXBuildFile; fileRef = B08F648C17615C9100DDF992 /* login-button-small-pressed@2x.png */; };
		B08F649117615C9200DDF992 /* login-button-small.png in Resources */ = {isa = PBXBuildFile; fileRef = B08F648D17615C9100DDF992 /* login-button-small.png */; };
		B08F649217615C9200DDF992 /* login-button-small@2x.png in Resources */ = {isa = PBXBuildFile; fileRef = B08F648E17615C9100DDF992 /* login-button-small@2x.png */; };
		B08F649517615F6D00DDF992 /* LoginViewController.m in Sources */ = {isa = PBXBuildFile; fileRef = B08F649417615F6D00DDF992 /* LoginViewController.m */; };
		B08F64AF176193AB00DDF992 /* connect with.png in Resources */ = {isa = PBXBuildFile; fileRef = B08F64A6176193AA00DDF992 /* connect with.png */; };
		B08F64B0176193AB00DDF992 /* dividing bar.png in Resources */ = {isa = PBXBuildFile; fileRef = B08F64A7176193AA00DDF992 /* dividing bar.png */; };
		B08F64B1176193AB00DDF992 /* facebook icon.png in Resources */ = {isa = PBXBuildFile; fileRef = B08F64A8176193AA00DDF992 /* facebook icon.png */; };
		B08F64B2176193AB00DDF992 /* just the blue fb background.png in Resources */ = {isa = PBXBuildFile; fileRef = B08F64A9176193AA00DDF992 /* just the blue fb background.png */; };
		B08F64B3176193AB00DDF992 /* just the facebook f.png in Resources */ = {isa = PBXBuildFile; fileRef = B08F64AA176193AA00DDF992 /* just the facebook f.png */; };
		B08F64B4176193AB00DDF992 /* PAVE.png in Resources */ = {isa = PBXBuildFile; fileRef = B08F64AB176193AA00DDF992 /* PAVE.png */; };
		B08F64B5176193AB00DDF992 /* purple background.png in Resources */ = {isa = PBXBuildFile; fileRef = B08F64AC176193AB00DDF992 /* purple background.png */; };
		B08F64B6176193AB00DDF992 /* top status bar.png in Resources */ = {isa = PBXBuildFile; fileRef = B08F64AD176193AB00DDF992 /* top status bar.png */; };
		B08F64B7176193AB00DDF992 /* white background.png in Resources */ = {isa = PBXBuildFile; fileRef = B08F64AE176193AB00DDF992 /* white background.png */; };
		B08F64B917619ABA00DDF992 /* top-bar.png in Resources */ = {isa = PBXBuildFile; fileRef = B08F64B817619ABA00DDF992 /* top-bar.png */; };
		B08F64BB17619B9800DDF992 /* nav-bar-.png in Resources */ = {isa = PBXBuildFile; fileRef = B08F64BA17619B9800DDF992 /* nav-bar-.png */; };
		B08F64BD17619C3100DDF992 /* heart icon.png in Resources */ = {isa = PBXBuildFile; fileRef = B08F64BC17619C3100DDF992 /* heart icon.png */; };
		B08F64BF17619DBC00DDF992 /* left-line.png in Resources */ = {isa = PBXBuildFile; fileRef = B08F64BE17619DBC00DDF992 /* left-line.png */; };
		B08F64C117619DCA00DDF992 /* big-circle.png in Resources */ = {isa = PBXBuildFile; fileRef = B08F64C017619DCA00DDF992 /* big-circle.png */; };
		B08F64C317619DD400DDF992 /* right-line.png in Resources */ = {isa = PBXBuildFile; fileRef = B08F64C217619DD400DDF992 /* right-line.png */; };
		B08F64C817626D5100DDF992 /* check.png in Resources */ = {isa = PBXBuildFile; fileRef = B08F64C717626D5100DDF992 /* check.png */; };
		B0FB555E1766661C007CB2DF /* ASIAuthenticationDialog.m in Sources */ = {isa = PBXBuildFile; fileRef = B0FB554B1766661C007CB2DF /* ASIAuthenticationDialog.m */; };
		B0FB555F1766661C007CB2DF /* ASIDataCompressor.m in Sources */ = {isa = PBXBuildFile; fileRef = B0FB554E1766661C007CB2DF /* ASIDataCompressor.m */; };
		B0FB55601766661C007CB2DF /* ASIDataDecompressor.m in Sources */ = {isa = PBXBuildFile; fileRef = B0FB55501766661C007CB2DF /* ASIDataDecompressor.m */; };
		B0FB55611766661C007CB2DF /* ASIDownloadCache.m in Sources */ = {isa = PBXBuildFile; fileRef = B0FB55521766661C007CB2DF /* ASIDownloadCache.m */; };
		B0FB55621766661C007CB2DF /* ASIFormDataRequest.m in Sources */ = {isa = PBXBuildFile; fileRef = B0FB55541766661C007CB2DF /* ASIFormDataRequest.m */; };
		B0FB55631766661C007CB2DF /* ASIHTTPRequest.m in Sources */ = {isa = PBXBuildFile; fileRef = B0FB55561766661C007CB2DF /* ASIHTTPRequest.m */; };
		B0FB55641766661C007CB2DF /* ASIInputStream.m in Sources */ = {isa = PBXBuildFile; fileRef = B0FB555A1766661C007CB2DF /* ASIInputStream.m */; };
		B0FB55651766661C007CB2DF /* ASINetworkQueue.m in Sources */ = {isa = PBXBuildFile; fileRef = B0FB555C1766661C007CB2DF /* ASINetworkQueue.m */; };
		B0FB556817666666007CB2DF /* Reachability.m in Sources */ = {isa = PBXBuildFile; fileRef = B0FB556717666666007CB2DF /* Reachability.m */; };
		B0FB556B17668812007CB2DF /* BackgroundRefreshOperation.m in Sources */ = {isa = PBXBuildFile; fileRef = B0FB556A17668812007CB2DF /* BackgroundRefreshOperation.m */; };
		B0FB556D1767D279007CB2DF /* KinveyKit.framework in Frameworks */ = {isa = PBXBuildFile; fileRef = B0FB556C1767D279007CB2DF /* KinveyKit.framework */; };
		B0FB55701767D27F007CB2DF /* libUAirship-1.4.0.a in Frameworks */ = {isa = PBXBuildFile; fileRef = B0FB556F1767D27F007CB2DF /* libUAirship-1.4.0.a */; };
		B0FB55721767D2B6007CB2DF /* CoreTelephony.framework in Frameworks */ = {isa = PBXBuildFile; fileRef = B0FB55711767D2B6007CB2DF /* CoreTelephony.framework */; };
		B0FB55741767D2CB007CB2DF /* libz.dylib in Frameworks */ = {isa = PBXBuildFile; fileRef = B0FB55731767D2CB007CB2DF /* libz.dylib */; };
		B0FB55761767D2E6007CB2DF /* Twitter.framework in Frameworks */ = {isa = PBXBuildFile; fileRef = B0FB55751767D2E6007CB2DF /* Twitter.framework */; };
/* End PBXBuildFile section */

/* Begin PBXContainerItemProxy section */
		18F0B45A175D73990065224E /* PBXContainerItemProxy */ = {
			isa = PBXContainerItemProxy;
			containerPortal = 18F0B422175D73980065224E /* Project object */;
			proxyType = 1;
			remoteGlobalIDString = 18F0B42A175D73980065224E;
			remoteInfo = Mockup;
		};
/* End PBXContainerItemProxy section */

/* Begin PBXFileReference section */
		18030565176C9EB400066765 /* purple_progress.png */ = {isa = PBXFileReference; lastKnownFileType = image.png; path = purple_progress.png; sourceTree = "<group>"; };
		18030566176C9EB400066765 /* yellow_progress.png */ = {isa = PBXFileReference; lastKnownFileType = image.png; path = yellow_progress.png; sourceTree = "<group>"; };
		18030567176C9EB400066765 /* car.png */ = {isa = PBXFileReference; lastKnownFileType = image.png; path = car.png; sourceTree = "<group>"; };
		18030568176C9EB400066765 /* lightbulb.png */ = {isa = PBXFileReference; lastKnownFileType = image.png; path = lightbulb.png; sourceTree = "<group>"; };
		1812FE17176A9F1C003E581F /* TableViewController.h */ = {isa = PBXFileReference; fileEncoding = 4; lastKnownFileType = sourcecode.c.h; name = TableViewController.h; path = ../TableViewController.h; sourceTree = "<group>"; };
		1812FE18176A9F1C003E581F /* TableViewController.m */ = {isa = PBXFileReference; fileEncoding = 4; lastKnownFileType = sourcecode.c.objc; name = TableViewController.m; path = ../TableViewController.m; sourceTree = "<group>"; };
		1812FE1A176B2EDA003E581F /* FeedObject.h */ = {isa = PBXFileReference; fileEncoding = 4; lastKnownFileType = sourcecode.c.h; path = FeedObject.h; sourceTree = "<group>"; };
		1812FE1B176B2EDA003E581F /* FeedObject.m */ = {isa = PBXFileReference; fileEncoding = 4; lastKnownFileType = sourcecode.c.objc; path = FeedObject.m; sourceTree = "<group>"; };
		1817F201175DEB0200855A36 /* ToastAlert.h */ = {isa = PBXFileReference; fileEncoding = 4; lastKnownFileType = sourcecode.c.h; path = ToastAlert.h; sourceTree = "<group>"; };
		1817F202175DEB0200855A36 /* ToastAlert.m */ = {isa = PBXFileReference; fileEncoding = 4; lastKnownFileType = sourcecode.c.objc; path = ToastAlert.m; sourceTree = "<group>"; };
		181D4A9417693F000096C6A6 /* Answer.h */ = {isa = PBXFileReference; fileEncoding = 4; lastKnownFileType = sourcecode.c.h; path = Answer.h; sourceTree = "<group>"; };
		181D4A9517693F000096C6A6 /* Answer.m */ = {isa = PBXFileReference; fileEncoding = 4; lastKnownFileType = sourcecode.c.objc; path = Answer.m; sourceTree = "<group>"; };
		187F7EE8176C1BDE0008DF7B /* FeedObjectCell.h */ = {isa = PBXFileReference; fileEncoding = 4; lastKnownFileType = sourcecode.c.h; path = FeedObjectCell.h; sourceTree = "<group>"; };
		187F7EE9176C1BDE0008DF7B /* FeedObjectCell.m */ = {isa = PBXFileReference; fileEncoding = 4; lastKnownFileType = sourcecode.c.objc; path = FeedObjectCell.m; sourceTree = "<group>"; };
		18EF5B371768EF3100B392D0 /* FacebookSDK.framework */ = {isa = PBXFileReference; lastKnownFileType = wrapper.framework; path = FacebookSDK.framework; sourceTree = "<group>"; };
		18EF5B381768EF3100B392D0 /* FacebookSDKResources.bundle */ = {isa = PBXFileReference; lastKnownFileType = "wrapper.plug-in"; path = FacebookSDKResources.bundle; sourceTree = "<group>"; };
		18EF5B3B1768FABB00B392D0 /* big_circle.png */ = {isa = PBXFileReference; lastKnownFileType = image.png; path = big_circle.png; sourceTree = "<group>"; };
		18EF5B3C1768FABB00B392D0 /* brown_shoe.png */ = {isa = PBXFileReference; lastKnownFileType = image.png; path = brown_shoe.png; sourceTree = "<group>"; };
		18EF5B3D1768FABB00B392D0 /* facebook_icon.png */ = {isa = PBXFileReference; lastKnownFileType = image.png; path = facebook_icon.png; sourceTree = "<group>"; };
		18EF5B3E1768FABB00B392D0 /* heart.png */ = {isa = PBXFileReference; lastKnownFileType = image.png; path = heart.png; sourceTree = "<group>"; };
		18EF5B3F1768FABB00B392D0 /* left_line.png */ = {isa = PBXFileReference; lastKnownFileType = image.png; path = left_line.png; sourceTree = "<group>"; };
		18EF5B401768FABB00B392D0 /* login_divider.png */ = {isa = PBXFileReference; lastKnownFileType = image.png; path = login_divider.png; sourceTree = "<group>"; };
		18EF5B411768FABB00B392D0 /* login_pave.png */ = {isa = PBXFileReference; lastKnownFileType = image.png; path = login_pave.png; sourceTree = "<group>"; };
		18EF5B421768FABB00B392D0 /* nav_bar.png */ = {isa = PBXFileReference; lastKnownFileType = image.png; path = nav_bar.png; sourceTree = "<group>"; };
		18EF5B431768FABB00B392D0 /* neel_circle.png */ = {isa = PBXFileReference; lastKnownFileType = image.png; path = neel_circle.png; sourceTree = "<group>"; };
		18EF5B441768FABB00B392D0 /* pave_top.png */ = {isa = PBXFileReference; lastKnownFileType = image.png; path = pave_top.png; sourceTree = "<group>"; };
		18EF5B451768FABB00B392D0 /* profile_icon.png */ = {isa = PBXFileReference; lastKnownFileType = image.png; path = profile_icon.png; sourceTree = "<group>"; };
		18EF5B461768FABB00B392D0 /* road_icon.png */ = {isa = PBXFileReference; lastKnownFileType = image.png; path = road_icon.png; sourceTree = "<group>"; };
		18EF5B471768FABB00B392D0 /* social_feed_icon.png */ = {isa = PBXFileReference; lastKnownFileType = image.png; path = social_feed_icon.png; sourceTree = "<group>"; };
		18EF5B481768FABB00B392D0 /* top_bar.png */ = {isa = PBXFileReference; lastKnownFileType = image.png; path = top_bar.png; sourceTree = "<group>"; };
		18EF5B491768FABB00B392D0 /* white_shoe.png */ = {isa = PBXFileReference; lastKnownFileType = image.png; path = white_shoe.png; sourceTree = "<group>"; };
		18F0B42B175D73980065224E /* Mockup.app */ = {isa = PBXFileReference; explicitFileType = wrapper.application; includeInIndex = 0; path = Mockup.app; sourceTree = BUILT_PRODUCTS_DIR; };
		18F0B42F175D73980065224E /* UIKit.framework */ = {isa = PBXFileReference; lastKnownFileType = wrapper.framework; name = UIKit.framework; path = System/Library/Frameworks/UIKit.framework; sourceTree = SDKROOT; };
		18F0B431175D73980065224E /* Foundation.framework */ = {isa = PBXFileReference; lastKnownFileType = wrapper.framework; name = Foundation.framework; path = System/Library/Frameworks/Foundation.framework; sourceTree = SDKROOT; };
		18F0B433175D73980065224E /* CoreGraphics.framework */ = {isa = PBXFileReference; lastKnownFileType = wrapper.framework; name = CoreGraphics.framework; path = System/Library/Frameworks/CoreGraphics.framework; sourceTree = SDKROOT; };
		18F0B437175D73980065224E /* Mockup-Info.plist */ = {isa = PBXFileReference; lastKnownFileType = text.plist.xml; path = "Mockup-Info.plist"; sourceTree = "<group>"; };
		18F0B439175D73980065224E /* en */ = {isa = PBXFileReference; lastKnownFileType = text.plist.strings; name = en; path = en.lproj/InfoPlist.strings; sourceTree = "<group>"; };
		18F0B43B175D73980065224E /* main.m */ = {isa = PBXFileReference; lastKnownFileType = sourcecode.c.objc; path = main.m; sourceTree = "<group>"; };
		18F0B43D175D73980065224E /* Mockup-Prefix.pch */ = {isa = PBXFileReference; lastKnownFileType = sourcecode.c.h; path = "Mockup-Prefix.pch"; sourceTree = "<group>"; };
		18F0B43E175D73980065224E /* AppDelegate.h */ = {isa = PBXFileReference; lastKnownFileType = sourcecode.c.h; path = AppDelegate.h; sourceTree = "<group>"; };
		18F0B43F175D73980065224E /* AppDelegate.m */ = {isa = PBXFileReference; lastKnownFileType = sourcecode.c.objc; path = AppDelegate.m; sourceTree = "<group>"; };
		18F0B441175D73980065224E /* Default.png */ = {isa = PBXFileReference; lastKnownFileType = image.png; path = Default.png; sourceTree = "<group>"; };
		18F0B443175D73980065224E /* Default@2x.png */ = {isa = PBXFileReference; lastKnownFileType = image.png; path = "Default@2x.png"; sourceTree = "<group>"; };
		18F0B445175D73980065224E /* Default-568h@2x.png */ = {isa = PBXFileReference; lastKnownFileType = image.png; path = "Default-568h@2x.png"; sourceTree = "<group>"; };
		18F0B448175D73980065224E /* en */ = {isa = PBXFileReference; lastKnownFileType = file.storyboard; name = en; path = en.lproj/MainStoryboard_iPhone.storyboard; sourceTree = "<group>"; };
		18F0B44B175D73980065224E /* en */ = {isa = PBXFileReference; lastKnownFileType = file.storyboard; name = en; path = en.lproj/MainStoryboard_iPad.storyboard; sourceTree = "<group>"; };
		18F0B44D175D73980065224E /* ViewController.h */ = {isa = PBXFileReference; lastKnownFileType = sourcecode.c.h; path = ViewController.h; sourceTree = "<group>"; };
		18F0B44E175D73980065224E /* ViewController.m */ = {isa = PBXFileReference; lastKnownFileType = sourcecode.c.objc; path = ViewController.m; sourceTree = "<group>"; };
		18F0B455175D73990065224E /* MockupTests.octest */ = {isa = PBXFileReference; explicitFileType = wrapper.cfbundle; includeInIndex = 0; path = MockupTests.octest; sourceTree = BUILT_PRODUCTS_DIR; };
		18F0B456175D73990065224E /* SenTestingKit.framework */ = {isa = PBXFileReference; lastKnownFileType = wrapper.framework; name = SenTestingKit.framework; path = Library/Frameworks/SenTestingKit.framework; sourceTree = DEVELOPER_DIR; };
		18F0B45E175D73990065224E /* MockupTests-Info.plist */ = {isa = PBXFileReference; lastKnownFileType = text.plist.xml; path = "MockupTests-Info.plist"; sourceTree = "<group>"; };
		18F0B460175D73990065224E /* en */ = {isa = PBXFileReference; lastKnownFileType = text.plist.strings; name = en; path = en.lproj/InfoPlist.strings; sourceTree = "<group>"; };
		18F0B462175D73990065224E /* MockupTests.h */ = {isa = PBXFileReference; lastKnownFileType = sourcecode.c.h; path = MockupTests.h; sourceTree = "<group>"; };
		18F0B463175D73990065224E /* MockupTests.m */ = {isa = PBXFileReference; lastKnownFileType = sourcecode.c.objc; path = MockupTests.m; sourceTree = "<group>"; };
		18F19780176C46DC00A6726B /* MKAnnotationView+WebCache.h */ = {isa = PBXFileReference; fileEncoding = 4; lastKnownFileType = sourcecode.c.h; path = "MKAnnotationView+WebCache.h"; sourceTree = "<group>"; };
		18F19781176C46DC00A6726B /* MKAnnotationView+WebCache.m */ = {isa = PBXFileReference; fileEncoding = 4; lastKnownFileType = sourcecode.c.objc; path = "MKAnnotationView+WebCache.m"; sourceTree = "<group>"; };
		18F19782176C46DC00A6726B /* NSData+GIF.h */ = {isa = PBXFileReference; fileEncoding = 4; lastKnownFileType = sourcecode.c.h; path = "NSData+GIF.h"; sourceTree = "<group>"; };
		18F19783176C46DC00A6726B /* NSData+GIF.m */ = {isa = PBXFileReference; fileEncoding = 4; lastKnownFileType = sourcecode.c.objc; path = "NSData+GIF.m"; sourceTree = "<group>"; };
		18F19784176C46DC00A6726B /* SDImageCache.h */ = {isa = PBXFileReference; fileEncoding = 4; lastKnownFileType = sourcecode.c.h; path = SDImageCache.h; sourceTree = "<group>"; };
		18F19785176C46DC00A6726B /* SDImageCache.m */ = {isa = PBXFileReference; fileEncoding = 4; lastKnownFileType = sourcecode.c.objc; path = SDImageCache.m; sourceTree = "<group>"; };
		18F19786176C46DC00A6726B /* SDWebImageCompat.h */ = {isa = PBXFileReference; fileEncoding = 4; lastKnownFileType = sourcecode.c.h; path = SDWebImageCompat.h; sourceTree = "<group>"; };
		18F19787176C46DC00A6726B /* SDWebImageCompat.m */ = {isa = PBXFileReference; fileEncoding = 4; lastKnownFileType = sourcecode.c.objc; path = SDWebImageCompat.m; sourceTree = "<group>"; };
		18F19788176C46DC00A6726B /* SDWebImageDecoder.h */ = {isa = PBXFileReference; fileEncoding = 4; lastKnownFileType = sourcecode.c.h; path = SDWebImageDecoder.h; sourceTree = "<group>"; };
		18F19789176C46DC00A6726B /* SDWebImageDecoder.m */ = {isa = PBXFileReference; fileEncoding = 4; lastKnownFileType = sourcecode.c.objc; path = SDWebImageDecoder.m; sourceTree = "<group>"; };
		18F1978A176C46DC00A6726B /* SDWebImageDownloader.h */ = {isa = PBXFileReference; fileEncoding = 4; lastKnownFileType = sourcecode.c.h; path = SDWebImageDownloader.h; sourceTree = "<group>"; };
		18F1978B176C46DC00A6726B /* SDWebImageDownloader.m */ = {isa = PBXFileReference; fileEncoding = 4; lastKnownFileType = sourcecode.c.objc; path = SDWebImageDownloader.m; sourceTree = "<group>"; };
		18F1978C176C46DC00A6726B /* SDWebImageDownloaderOperation.h */ = {isa = PBXFileReference; fileEncoding = 4; lastKnownFileType = sourcecode.c.h; path = SDWebImageDownloaderOperation.h; sourceTree = "<group>"; };
		18F1978D176C46DC00A6726B /* SDWebImageDownloaderOperation.m */ = {isa = PBXFileReference; fileEncoding = 4; lastKnownFileType = sourcecode.c.objc; path = SDWebImageDownloaderOperation.m; sourceTree = "<group>"; };
		18F1978E176C46DC00A6726B /* SDWebImageManager.h */ = {isa = PBXFileReference; fileEncoding = 4; lastKnownFileType = sourcecode.c.h; path = SDWebImageManager.h; sourceTree = "<group>"; };
		18F1978F176C46DC00A6726B /* SDWebImageManager.m */ = {isa = PBXFileReference; fileEncoding = 4; lastKnownFileType = sourcecode.c.objc; path = SDWebImageManager.m; sourceTree = "<group>"; };
		18F19790176C46DC00A6726B /* SDWebImageOperation.h */ = {isa = PBXFileReference; fileEncoding = 4; lastKnownFileType = sourcecode.c.h; path = SDWebImageOperation.h; sourceTree = "<group>"; };
		18F19791176C46DC00A6726B /* SDWebImagePrefetcher.h */ = {isa = PBXFileReference; fileEncoding = 4; lastKnownFileType = sourcecode.c.h; path = SDWebImagePrefetcher.h; sourceTree = "<group>"; };
		18F19792176C46DC00A6726B /* SDWebImagePrefetcher.m */ = {isa = PBXFileReference; fileEncoding = 4; lastKnownFileType = sourcecode.c.objc; path = SDWebImagePrefetcher.m; sourceTree = "<group>"; };
		18F19793176C46DC00A6726B /* UIButton+WebCache.h */ = {isa = PBXFileReference; fileEncoding = 4; lastKnownFileType = sourcecode.c.h; path = "UIButton+WebCache.h"; sourceTree = "<group>"; };
		18F19794176C46DC00A6726B /* UIButton+WebCache.m */ = {isa = PBXFileReference; fileEncoding = 4; lastKnownFileType = sourcecode.c.objc; path = "UIButton+WebCache.m"; sourceTree = "<group>"; };
		18F19795176C46DC00A6726B /* UIImage+GIF.h */ = {isa = PBXFileReference; fileEncoding = 4; lastKnownFileType = sourcecode.c.h; path = "UIImage+GIF.h"; sourceTree = "<group>"; };
		18F19796176C46DC00A6726B /* UIImage+GIF.m */ = {isa = PBXFileReference; fileEncoding = 4; lastKnownFileType = sourcecode.c.objc; path = "UIImage+GIF.m"; sourceTree = "<group>"; };
		18F19797176C46DC00A6726B /* UIImage+MultiFormat.h */ = {isa = PBXFileReference; fileEncoding = 4; lastKnownFileType = sourcecode.c.h; path = "UIImage+MultiFormat.h"; sourceTree = "<group>"; };
		18F19798176C46DC00A6726B /* UIImage+MultiFormat.m */ = {isa = PBXFileReference; fileEncoding = 4; lastKnownFileType = sourcecode.c.objc; path = "UIImage+MultiFormat.m"; sourceTree = "<group>"; };
		18F19799176C46DC00A6726B /* UIImage+WebP.h */ = {isa = PBXFileReference; fileEncoding = 4; lastKnownFileType = sourcecode.c.h; path = "UIImage+WebP.h"; sourceTree = "<group>"; };
		18F1979A176C46DC00A6726B /* UIImage+WebP.m */ = {isa = PBXFileReference; fileEncoding = 4; lastKnownFileType = sourcecode.c.objc; path = "UIImage+WebP.m"; sourceTree = "<group>"; };
		18F1979B176C46DC00A6726B /* UIImageView+WebCache.h */ = {isa = PBXFileReference; fileEncoding = 4; lastKnownFileType = sourcecode.c.h; path = "UIImageView+WebCache.h"; sourceTree = "<group>"; };
		18F1979C176C46DC00A6726B /* UIImageView+WebCache.m */ = {isa = PBXFileReference; fileEncoding = 4; lastKnownFileType = sourcecode.c.objc; path = "UIImageView+WebCache.m"; sourceTree = "<group>"; };
		18F197AC176C55C800A6726B /* MapKit.framework */ = {isa = PBXFileReference; lastKnownFileType = wrapper.framework; name = MapKit.framework; path = System/Library/Frameworks/MapKit.framework; sourceTree = SDKROOT; };
		18F197BD176C571E00A6726B /* ImageIO.framework */ = {isa = PBXFileReference; lastKnownFileType = wrapper.framework; name = ImageIO.framework; path = System/Library/Frameworks/ImageIO.framework; sourceTree = SDKROOT; };
		18F197BF176C848600A6726B /* tableBackground.png */ = {isa = PBXFileReference; lastKnownFileType = image.png; path = tableBackground.png; sourceTree = "<group>"; };
		B0345CC4176E09A300452280 /* AFHTTPClient.h */ = {isa = PBXFileReference; fileEncoding = 4; lastKnownFileType = sourcecode.c.h; path = AFHTTPClient.h; sourceTree = "<group>"; };
		B0345CC5176E09A300452280 /* AFHTTPClient.m */ = {isa = PBXFileReference; fileEncoding = 4; lastKnownFileType = sourcecode.c.objc; path = AFHTTPClient.m; sourceTree = "<group>"; };
		B0345CC6176E09A300452280 /* AFHTTPRequestOperation.h */ = {isa = PBXFileReference; fileEncoding = 4; lastKnownFileType = sourcecode.c.h; path = AFHTTPRequestOperation.h; sourceTree = "<group>"; };
		B0345CC7176E09A300452280 /* AFHTTPRequestOperation.m */ = {isa = PBXFileReference; fileEncoding = 4; lastKnownFileType = sourcecode.c.objc; path = AFHTTPRequestOperation.m; sourceTree = "<group>"; };
		B0345CC8176E09A300452280 /* AFImageRequestOperation.h */ = {isa = PBXFileReference; fileEncoding = 4; lastKnownFileType = sourcecode.c.h; path = AFImageRequestOperation.h; sourceTree = "<group>"; };
		B0345CC9176E09A300452280 /* AFImageRequestOperation.m */ = {isa = PBXFileReference; fileEncoding = 4; lastKnownFileType = sourcecode.c.objc; path = AFImageRequestOperation.m; sourceTree = "<group>"; };
		B0345CCA176E09A300452280 /* AFJSONRequestOperation.h */ = {isa = PBXFileReference; fileEncoding = 4; lastKnownFileType = sourcecode.c.h; path = AFJSONRequestOperation.h; sourceTree = "<group>"; };
		B0345CCB176E09A300452280 /* AFJSONRequestOperation.m */ = {isa = PBXFileReference; fileEncoding = 4; lastKnownFileType = sourcecode.c.objc; path = AFJSONRequestOperation.m; sourceTree = "<group>"; };
		B0345CCC176E09A300452280 /* AFNetworkActivityIndicatorManager.h */ = {isa = PBXFileReference; fileEncoding = 4; lastKnownFileType = sourcecode.c.h; path = AFNetworkActivityIndicatorManager.h; sourceTree = "<group>"; };
		B0345CCD176E09A300452280 /* AFNetworkActivityIndicatorManager.m */ = {isa = PBXFileReference; fileEncoding = 4; lastKnownFileType = sourcecode.c.objc; path = AFNetworkActivityIndicatorManager.m; sourceTree = "<group>"; };
		B0345CCE176E09A300452280 /* AFNetworking.h */ = {isa = PBXFileReference; fileEncoding = 4; lastKnownFileType = sourcecode.c.h; path = AFNetworking.h; sourceTree = "<group>"; };
		B0345CCF176E09A300452280 /* AFPropertyListRequestOperation.h */ = {isa = PBXFileReference; fileEncoding = 4; lastKnownFileType = sourcecode.c.h; path = AFPropertyListRequestOperation.h; sourceTree = "<group>"; };
		B0345CD0176E09A300452280 /* AFPropertyListRequestOperation.m */ = {isa = PBXFileReference; fileEncoding = 4; lastKnownFileType = sourcecode.c.objc; path = AFPropertyListRequestOperation.m; sourceTree = "<group>"; };
		B0345CD1176E09A300452280 /* AFURLConnectionOperation.h */ = {isa = PBXFileReference; fileEncoding = 4; lastKnownFileType = sourcecode.c.h; path = AFURLConnectionOperation.h; sourceTree = "<group>"; };
		B0345CD2176E09A300452280 /* AFURLConnectionOperation.m */ = {isa = PBXFileReference; fileEncoding = 4; lastKnownFileType = sourcecode.c.objc; path = AFURLConnectionOperation.m; sourceTree = "<group>"; };
		B0345CD3176E09A300452280 /* AFXMLRequestOperation.h */ = {isa = PBXFileReference; fileEncoding = 4; lastKnownFileType = sourcecode.c.h; path = AFXMLRequestOperation.h; sourceTree = "<group>"; };
		B0345CD4176E09A300452280 /* AFXMLRequestOperation.m */ = {isa = PBXFileReference; fileEncoding = 4; lastKnownFileType = sourcecode.c.objc; path = AFXMLRequestOperation.m; sourceTree = "<group>"; };
		B0345CD5176E09A300452280 /* UIImageView+AFNetworking.h */ = {isa = PBXFileReference; fileEncoding = 4; lastKnownFileType = sourcecode.c.h; path = "UIImageView+AFNetworking.h"; sourceTree = "<group>"; };
		B0345CD6176E09A300452280 /* UIImageView+AFNetworking.m */ = {isa = PBXFileReference; fileEncoding = 4; lastKnownFileType = sourcecode.c.objc; path = "UIImageView+AFNetworking.m"; sourceTree = "<group>"; };
		B0345CE0176E90AE00452280 /* PaveAPIClient.h */ = {isa = PBXFileReference; fileEncoding = 4; lastKnownFileType = sourcecode.c.h; path = PaveAPIClient.h; sourceTree = "<group>"; };
		B0345CE1176E90AE00452280 /* PaveAPIClient.m */ = {isa = PBXFileReference; fileEncoding = 4; lastKnownFileType = sourcecode.c.objc; path = PaveAPIClient.m; sourceTree = "<group>"; };
		B0345D04176ED5D900452280 /* SBJson.h */ = {isa = PBXFileReference; fileEncoding = 4; lastKnownFileType = sourcecode.c.h; path = SBJson.h; sourceTree = "<group>"; };
		B0345D05176ED5D900452280 /* SBJsonParser.h */ = {isa = PBXFileReference; fileEncoding = 4; lastKnownFileType = sourcecode.c.h; path = SBJsonParser.h; sourceTree = "<group>"; };
		B0345D06176ED5D900452280 /* SBJsonParser.m */ = {isa = PBXFileReference; fileEncoding = 4; lastKnownFileType = sourcecode.c.objc; path = SBJsonParser.m; sourceTree = "<group>"; };
		B0345D07176ED5D900452280 /* SBJsonStreamParser.h */ = {isa = PBXFileReference; fileEncoding = 4; lastKnownFileType = sourcecode.c.h; path = SBJsonStreamParser.h; sourceTree = "<group>"; };
		B0345D08176ED5D900452280 /* SBJsonStreamParser.m */ = {isa = PBXFileReference; fileEncoding = 4; lastKnownFileType = sourcecode.c.objc; path = SBJsonStreamParser.m; sourceTree = "<group>"; };
		B0345D09176ED5D900452280 /* SBJsonStreamParserAccumulator.h */ = {isa = PBXFileReference; fileEncoding = 4; lastKnownFileType = sourcecode.c.h; path = SBJsonStreamParserAccumulator.h; sourceTree = "<group>"; };
		B0345D0A176ED5D900452280 /* SBJsonStreamParserAccumulator.m */ = {isa = PBXFileReference; fileEncoding = 4; lastKnownFileType = sourcecode.c.objc; path = SBJsonStreamParserAccumulator.m; sourceTree = "<group>"; };
		B0345D0B176ED5D900452280 /* SBJsonStreamParserAdapter.h */ = {isa = PBXFileReference; fileEncoding = 4; lastKnownFileType = sourcecode.c.h; path = SBJsonStreamParserAdapter.h; sourceTree = "<group>"; };
		B0345D0C176ED5D900452280 /* SBJsonStreamParserAdapter.m */ = {isa = PBXFileReference; fileEncoding = 4; lastKnownFileType = sourcecode.c.objc; path = SBJsonStreamParserAdapter.m; sourceTree = "<group>"; };
		B0345D0D176ED5D900452280 /* SBJsonStreamParserState.h */ = {isa = PBXFileReference; fileEncoding = 4; lastKnownFileType = sourcecode.c.h; path = SBJsonStreamParserState.h; sourceTree = "<group>"; };
		B0345D0E176ED5D900452280 /* SBJsonStreamParserState.m */ = {isa = PBXFileReference; fileEncoding = 4; lastKnownFileType = sourcecode.c.objc; path = SBJsonStreamParserState.m; sourceTree = "<group>"; };
		B0345D0F176ED5D900452280 /* SBJsonStreamTokeniser.h */ = {isa = PBXFileReference; fileEncoding = 4; lastKnownFileType = sourcecode.c.h; path = SBJsonStreamTokeniser.h; sourceTree = "<group>"; };
		B0345D10176ED5D900452280 /* SBJsonStreamTokeniser.m */ = {isa = PBXFileReference; fileEncoding = 4; lastKnownFileType = sourcecode.c.objc; path = SBJsonStreamTokeniser.m; sourceTree = "<group>"; };
		B0345D11176ED5D900452280 /* SBJsonStreamWriter.h */ = {isa = PBXFileReference; fileEncoding = 4; lastKnownFileType = sourcecode.c.h; path = SBJsonStreamWriter.h; sourceTree = "<group>"; };
		B0345D12176ED5D900452280 /* SBJsonStreamWriter.m */ = {isa = PBXFileReference; fileEncoding = 4; lastKnownFileType = sourcecode.c.objc; path = SBJsonStreamWriter.m; sourceTree = "<group>"; };
		B0345D13176ED5D900452280 /* SBJsonStreamWriterAccumulator.h */ = {isa = PBXFileReference; fileEncoding = 4; lastKnownFileType = sourcecode.c.h; path = SBJsonStreamWriterAccumulator.h; sourceTree = "<group>"; };
		B0345D14176ED5D900452280 /* SBJsonStreamWriterAccumulator.m */ = {isa = PBXFileReference; fileEncoding = 4; lastKnownFileType = sourcecode.c.objc; path = SBJsonStreamWriterAccumulator.m; sourceTree = "<group>"; };
		B0345D15176ED5D900452280 /* SBJsonStreamWriterState.h */ = {isa = PBXFileReference; fileEncoding = 4; lastKnownFileType = sourcecode.c.h; path = SBJsonStreamWriterState.h; sourceTree = "<group>"; };
		B0345D16176ED5D900452280 /* SBJsonStreamWriterState.m */ = {isa = PBXFileReference; fileEncoding = 4; lastKnownFileType = sourcecode.c.objc; path = SBJsonStreamWriterState.m; sourceTree = "<group>"; };
		B0345D17176ED5D900452280 /* SBJsonWriter.h */ = {isa = PBXFileReference; fileEncoding = 4; lastKnownFileType = sourcecode.c.h; path = SBJsonWriter.h; sourceTree = "<group>"; };
		B0345D18176ED5D900452280 /* SBJsonWriter.m */ = {isa = PBXFileReference; fileEncoding = 4; lastKnownFileType = sourcecode.c.objc; path = SBJsonWriter.m; sourceTree = "<group>"; };
		B08F646B1761584900DDF992 /* Parse.framework */ = {isa = PBXFileReference; lastKnownFileType = wrapper.framework; path = Parse.framework; sourceTree = "<group>"; };
		B08F646D1761589900DDF992 /* AudioToolbox.framework */ = {isa = PBXFileReference; lastKnownFileType = wrapper.framework; name = AudioToolbox.framework; path = System/Library/Frameworks/AudioToolbox.framework; sourceTree = SDKROOT; };
		B08F646F176158A000DDF992 /* CFNetwork.framework */ = {isa = PBXFileReference; lastKnownFileType = wrapper.framework; name = CFNetwork.framework; path = System/Library/Frameworks/CFNetwork.framework; sourceTree = SDKROOT; };
		B08F6471176158AB00DDF992 /* CoreLocation.framework */ = {isa = PBXFileReference; lastKnownFileType = wrapper.framework; name = CoreLocation.framework; path = System/Library/Frameworks/CoreLocation.framework; sourceTree = SDKROOT; };
		B08F6473176158B200DDF992 /* libz.1.1.3.dylib */ = {isa = PBXFileReference; lastKnownFileType = "compiled.mach-o.dylib"; name = libz.1.1.3.dylib; path = usr/lib/libz.1.1.3.dylib; sourceTree = SDKROOT; };
		B08F6475176158B800DDF992 /* MobileCoreServices.framework */ = {isa = PBXFileReference; lastKnownFileType = wrapper.framework; name = MobileCoreServices.framework; path = System/Library/Frameworks/MobileCoreServices.framework; sourceTree = SDKROOT; };
		B08F6477176158BE00DDF992 /* QuartzCore.framework */ = {isa = PBXFileReference; lastKnownFileType = wrapper.framework; name = QuartzCore.framework; path = System/Library/Frameworks/QuartzCore.framework; sourceTree = SDKROOT; };
		B08F6479176158C500DDF992 /* Security.framework */ = {isa = PBXFileReference; lastKnownFileType = wrapper.framework; name = Security.framework; path = System/Library/Frameworks/Security.framework; sourceTree = SDKROOT; };
		B08F647B176158CB00DDF992 /* StoreKit.framework */ = {isa = PBXFileReference; lastKnownFileType = wrapper.framework; name = StoreKit.framework; path = System/Library/Frameworks/StoreKit.framework; sourceTree = SDKROOT; };
		B08F647D176158D200DDF992 /* SystemConfiguration.framework */ = {isa = PBXFileReference; lastKnownFileType = wrapper.framework; name = SystemConfiguration.framework; path = System/Library/Frameworks/SystemConfiguration.framework; sourceTree = SDKROOT; };
		B08F648317615A9200DDF992 /* AdSupport.framework */ = {isa = PBXFileReference; lastKnownFileType = wrapper.framework; name = AdSupport.framework; path = System/Library/Frameworks/AdSupport.framework; sourceTree = SDKROOT; };
		B08F648517615A9900DDF992 /* Accounts.framework */ = {isa = PBXFileReference; lastKnownFileType = wrapper.framework; name = Accounts.framework; path = System/Library/Frameworks/Accounts.framework; sourceTree = SDKROOT; };
		B08F648717615AA300DDF992 /* libsqlite3.dylib */ = {isa = PBXFileReference; lastKnownFileType = "compiled.mach-o.dylib"; name = libsqlite3.dylib; path = usr/lib/libsqlite3.dylib; sourceTree = SDKROOT; };
		B08F648917615AB400DDF992 /* Social.framework */ = {isa = PBXFileReference; lastKnownFileType = wrapper.framework; name = Social.framework; path = System/Library/Frameworks/Social.framework; sourceTree = SDKROOT; };
		B08F648B17615C9100DDF992 /* login-button-small-pressed.png */ = {isa = PBXFileReference; lastKnownFileType = image.png; path = "login-button-small-pressed.png"; sourceTree = "<group>"; };
		B08F648C17615C9100DDF992 /* login-button-small-pressed@2x.png */ = {isa = PBXFileReference; lastKnownFileType = image.png; path = "login-button-small-pressed@2x.png"; sourceTree = "<group>"; };
		B08F648D17615C9100DDF992 /* login-button-small.png */ = {isa = PBXFileReference; lastKnownFileType = image.png; path = "login-button-small.png"; sourceTree = "<group>"; };
		B08F648E17615C9100DDF992 /* login-button-small@2x.png */ = {isa = PBXFileReference; lastKnownFileType = image.png; path = "login-button-small@2x.png"; sourceTree = "<group>"; };
		B08F649317615F6D00DDF992 /* LoginViewController.h */ = {isa = PBXFileReference; fileEncoding = 4; lastKnownFileType = sourcecode.c.h; path = LoginViewController.h; sourceTree = "<group>"; };
		B08F649417615F6D00DDF992 /* LoginViewController.m */ = {isa = PBXFileReference; fileEncoding = 4; lastKnownFileType = sourcecode.c.objc; path = LoginViewController.m; sourceTree = "<group>"; };
		B08F64A6176193AA00DDF992 /* connect with.png */ = {isa = PBXFileReference; lastKnownFileType = image.png; path = "connect with.png"; sourceTree = "<group>"; };
		B08F64A7176193AA00DDF992 /* dividing bar.png */ = {isa = PBXFileReference; lastKnownFileType = image.png; path = "dividing bar.png"; sourceTree = "<group>"; };
		B08F64A8176193AA00DDF992 /* facebook icon.png */ = {isa = PBXFileReference; lastKnownFileType = image.png; path = "facebook icon.png"; sourceTree = "<group>"; };
		B08F64A9176193AA00DDF992 /* just the blue fb background.png */ = {isa = PBXFileReference; lastKnownFileType = image.png; path = "just the blue fb background.png"; sourceTree = "<group>"; };
		B08F64AA176193AA00DDF992 /* just the facebook f.png */ = {isa = PBXFileReference; lastKnownFileType = image.png; path = "just the facebook f.png"; sourceTree = "<group>"; };
		B08F64AB176193AA00DDF992 /* PAVE.png */ = {isa = PBXFileReference; lastKnownFileType = image.png; path = PAVE.png; sourceTree = "<group>"; };
		B08F64AC176193AB00DDF992 /* purple background.png */ = {isa = PBXFileReference; lastKnownFileType = image.png; path = "purple background.png"; sourceTree = "<group>"; };
		B08F64AD176193AB00DDF992 /* top status bar.png */ = {isa = PBXFileReference; lastKnownFileType = image.png; path = "top status bar.png"; sourceTree = "<group>"; };
		B08F64AE176193AB00DDF992 /* white background.png */ = {isa = PBXFileReference; lastKnownFileType = image.png; path = "white background.png"; sourceTree = "<group>"; };
		B08F64B817619ABA00DDF992 /* top-bar.png */ = {isa = PBXFileReference; lastKnownFileType = image.png; path = "top-bar.png"; sourceTree = "<group>"; };
		B08F64BA17619B9800DDF992 /* nav-bar-.png */ = {isa = PBXFileReference; lastKnownFileType = image.png; path = "nav-bar-.png"; sourceTree = "<group>"; };
		B08F64BC17619C3100DDF992 /* heart icon.png */ = {isa = PBXFileReference; lastKnownFileType = image.png; path = "heart icon.png"; sourceTree = "<group>"; };
		B08F64BE17619DBC00DDF992 /* left-line.png */ = {isa = PBXFileReference; lastKnownFileType = image.png; path = "left-line.png"; sourceTree = "<group>"; };
		B08F64C017619DCA00DDF992 /* big-circle.png */ = {isa = PBXFileReference; lastKnownFileType = image.png; path = "big-circle.png"; sourceTree = "<group>"; };
		B08F64C217619DD400DDF992 /* right-line.png */ = {isa = PBXFileReference; lastKnownFileType = image.png; path = "right-line.png"; sourceTree = "<group>"; };
		B08F64C717626D5100DDF992 /* check.png */ = {isa = PBXFileReference; lastKnownFileType = image.png; path = check.png; sourceTree = "<group>"; };
		B0FB554A1766661C007CB2DF /* ASIAuthenticationDialog.h */ = {isa = PBXFileReference; fileEncoding = 4; lastKnownFileType = sourcecode.c.h; path = ASIAuthenticationDialog.h; sourceTree = "<group>"; };
		B0FB554B1766661C007CB2DF /* ASIAuthenticationDialog.m */ = {isa = PBXFileReference; fileEncoding = 4; lastKnownFileType = sourcecode.c.objc; path = ASIAuthenticationDialog.m; sourceTree = "<group>"; };
		B0FB554C1766661C007CB2DF /* ASICacheDelegate.h */ = {isa = PBXFileReference; fileEncoding = 4; lastKnownFileType = sourcecode.c.h; path = ASICacheDelegate.h; sourceTree = "<group>"; };
		B0FB554D1766661C007CB2DF /* ASIDataCompressor.h */ = {isa = PBXFileReference; fileEncoding = 4; lastKnownFileType = sourcecode.c.h; path = ASIDataCompressor.h; sourceTree = "<group>"; };
		B0FB554E1766661C007CB2DF /* ASIDataCompressor.m */ = {isa = PBXFileReference; fileEncoding = 4; lastKnownFileType = sourcecode.c.objc; path = ASIDataCompressor.m; sourceTree = "<group>"; };
		B0FB554F1766661C007CB2DF /* ASIDataDecompressor.h */ = {isa = PBXFileReference; fileEncoding = 4; lastKnownFileType = sourcecode.c.h; path = ASIDataDecompressor.h; sourceTree = "<group>"; };
		B0FB55501766661C007CB2DF /* ASIDataDecompressor.m */ = {isa = PBXFileReference; fileEncoding = 4; lastKnownFileType = sourcecode.c.objc; path = ASIDataDecompressor.m; sourceTree = "<group>"; };
		B0FB55511766661C007CB2DF /* ASIDownloadCache.h */ = {isa = PBXFileReference; fileEncoding = 4; lastKnownFileType = sourcecode.c.h; path = ASIDownloadCache.h; sourceTree = "<group>"; };
		B0FB55521766661C007CB2DF /* ASIDownloadCache.m */ = {isa = PBXFileReference; fileEncoding = 4; lastKnownFileType = sourcecode.c.objc; path = ASIDownloadCache.m; sourceTree = "<group>"; };
		B0FB55531766661C007CB2DF /* ASIFormDataRequest.h */ = {isa = PBXFileReference; fileEncoding = 4; lastKnownFileType = sourcecode.c.h; path = ASIFormDataRequest.h; sourceTree = "<group>"; };
		B0FB55541766661C007CB2DF /* ASIFormDataRequest.m */ = {isa = PBXFileReference; fileEncoding = 4; lastKnownFileType = sourcecode.c.objc; path = ASIFormDataRequest.m; sourceTree = "<group>"; };
		B0FB55551766661C007CB2DF /* ASIHTTPRequest.h */ = {isa = PBXFileReference; fileEncoding = 4; lastKnownFileType = sourcecode.c.h; path = ASIHTTPRequest.h; sourceTree = "<group>"; };
		B0FB55561766661C007CB2DF /* ASIHTTPRequest.m */ = {isa = PBXFileReference; fileEncoding = 4; lastKnownFileType = sourcecode.c.objc; path = ASIHTTPRequest.m; sourceTree = "<group>"; };
		B0FB55571766661C007CB2DF /* ASIHTTPRequestConfig.h */ = {isa = PBXFileReference; fileEncoding = 4; lastKnownFileType = sourcecode.c.h; path = ASIHTTPRequestConfig.h; sourceTree = "<group>"; };
		B0FB55581766661C007CB2DF /* ASIHTTPRequestDelegate.h */ = {isa = PBXFileReference; fileEncoding = 4; lastKnownFileType = sourcecode.c.h; path = ASIHTTPRequestDelegate.h; sourceTree = "<group>"; };
		B0FB55591766661C007CB2DF /* ASIInputStream.h */ = {isa = PBXFileReference; fileEncoding = 4; lastKnownFileType = sourcecode.c.h; path = ASIInputStream.h; sourceTree = "<group>"; };
		B0FB555A1766661C007CB2DF /* ASIInputStream.m */ = {isa = PBXFileReference; fileEncoding = 4; lastKnownFileType = sourcecode.c.objc; path = ASIInputStream.m; sourceTree = "<group>"; };
		B0FB555B1766661C007CB2DF /* ASINetworkQueue.h */ = {isa = PBXFileReference; fileEncoding = 4; lastKnownFileType = sourcecode.c.h; path = ASINetworkQueue.h; sourceTree = "<group>"; };
		B0FB555C1766661C007CB2DF /* ASINetworkQueue.m */ = {isa = PBXFileReference; fileEncoding = 4; lastKnownFileType = sourcecode.c.objc; path = ASINetworkQueue.m; sourceTree = "<group>"; };
		B0FB555D1766661C007CB2DF /* ASIProgressDelegate.h */ = {isa = PBXFileReference; fileEncoding = 4; lastKnownFileType = sourcecode.c.h; path = ASIProgressDelegate.h; sourceTree = "<group>"; };
		B0FB556617666666007CB2DF /* Reachability.h */ = {isa = PBXFileReference; fileEncoding = 4; lastKnownFileType = sourcecode.c.h; path = Reachability.h; sourceTree = "<group>"; };
		B0FB556717666666007CB2DF /* Reachability.m */ = {isa = PBXFileReference; fileEncoding = 4; lastKnownFileType = sourcecode.c.objc; path = Reachability.m; sourceTree = "<group>"; };
		B0FB556917668812007CB2DF /* BackgroundRefreshOperation.h */ = {isa = PBXFileReference; fileEncoding = 4; lastKnownFileType = sourcecode.c.h; path = BackgroundRefreshOperation.h; sourceTree = "<group>"; };
		B0FB556A17668812007CB2DF /* BackgroundRefreshOperation.m */ = {isa = PBXFileReference; fileEncoding = 4; lastKnownFileType = sourcecode.c.objc; path = BackgroundRefreshOperation.m; sourceTree = "<group>"; };
		B0FB556C1767D279007CB2DF /* KinveyKit.framework */ = {isa = PBXFileReference; lastKnownFileType = wrapper.framework; path = KinveyKit.framework; sourceTree = "<group>"; };
		B0FB556F1767D27F007CB2DF /* libUAirship-1.4.0.a */ = {isa = PBXFileReference; lastKnownFileType = archive.ar; path = "libUAirship-1.4.0.a"; sourceTree = "<group>"; };
		B0FB55711767D2B6007CB2DF /* CoreTelephony.framework */ = {isa = PBXFileReference; lastKnownFileType = wrapper.framework; name = CoreTelephony.framework; path = System/Library/Frameworks/CoreTelephony.framework; sourceTree = SDKROOT; };
		B0FB55731767D2CB007CB2DF /* libz.dylib */ = {isa = PBXFileReference; lastKnownFileType = "compiled.mach-o.dylib"; name = libz.dylib; path = usr/lib/libz.dylib; sourceTree = SDKROOT; };
		B0FB55751767D2E6007CB2DF /* Twitter.framework */ = {isa = PBXFileReference; lastKnownFileType = wrapper.framework; name = Twitter.framework; path = System/Library/Frameworks/Twitter.framework; sourceTree = SDKROOT; };
/* End PBXFileReference section */

/* Begin PBXFrameworksBuildPhase section */
		18F0B428175D73980065224E /* Frameworks */ = {
			isa = PBXFrameworksBuildPhase;
			buildActionMask = 2147483647;
			files = (
				18F197BE176C571E00A6726B /* ImageIO.framework in Frameworks */,
				18F197AD176C55C800A6726B /* MapKit.framework in Frameworks */,
				B0FB55761767D2E6007CB2DF /* Twitter.framework in Frameworks */,
				B0FB55741767D2CB007CB2DF /* libz.dylib in Frameworks */,
				B08F648617615A9900DDF992 /* Accounts.framework in Frameworks */,
				B0FB55721767D2B6007CB2DF /* CoreTelephony.framework in Frameworks */,
				B08F648A17615AB400DDF992 /* Social.framework in Frameworks */,
				B08F647A176158C500DDF992 /* Security.framework in Frameworks */,
				B08F648817615AA300DDF992 /* libsqlite3.dylib in Frameworks */,
				B08F648417615A9200DDF992 /* AdSupport.framework in Frameworks */,
				B08F647E176158D200DDF992 /* SystemConfiguration.framework in Frameworks */,
				B08F647C176158CB00DDF992 /* StoreKit.framework in Frameworks */,
				B08F6478176158BE00DDF992 /* QuartzCore.framework in Frameworks */,
				B08F6476176158B800DDF992 /* MobileCoreServices.framework in Frameworks */,
				B08F6474176158B200DDF992 /* libz.1.1.3.dylib in Frameworks */,
				B08F6472176158AB00DDF992 /* CoreLocation.framework in Frameworks */,
				18F0B434175D73980065224E /* CoreGraphics.framework in Frameworks */,
				B08F6470176158A000DDF992 /* CFNetwork.framework in Frameworks */,
				B08F646E1761589900DDF992 /* AudioToolbox.framework in Frameworks */,
				18F0B430175D73980065224E /* UIKit.framework in Frameworks */,
				18F0B432175D73980065224E /* Foundation.framework in Frameworks */,
				B08F646C1761584900DDF992 /* Parse.framework in Frameworks */,
				B0FB556D1767D279007CB2DF /* KinveyKit.framework in Frameworks */,
				B0FB55701767D27F007CB2DF /* libUAirship-1.4.0.a in Frameworks */,
				18EF5B391768EF3100B392D0 /* FacebookSDK.framework in Frameworks */,
			);
			runOnlyForDeploymentPostprocessing = 0;
		};
		18F0B451175D73990065224E /* Frameworks */ = {
			isa = PBXFrameworksBuildPhase;
			buildActionMask = 2147483647;
			files = (
				18F0B457175D73990065224E /* SenTestingKit.framework in Frameworks */,
				18F0B458175D73990065224E /* UIKit.framework in Frameworks */,
				18F0B459175D73990065224E /* Foundation.framework in Frameworks */,
			);
			runOnlyForDeploymentPostprocessing = 0;
		};
/* End PBXFrameworksBuildPhase section */

/* Begin PBXGroup section */
		18F0B420175D73980065224E = {
			isa = PBXGroup;
			children = (
				18F197BD176C571E00A6726B /* ImageIO.framework */,
				18F197AC176C55C800A6726B /* MapKit.framework */,
				B0FB55751767D2E6007CB2DF /* Twitter.framework */,
				B0FB55731767D2CB007CB2DF /* libz.dylib */,
				B0FB55711767D2B6007CB2DF /* CoreTelephony.framework */,
				B08F648917615AB400DDF992 /* Social.framework */,
				B08F648717615AA300DDF992 /* libsqlite3.dylib */,
				B08F648517615A9900DDF992 /* Accounts.framework */,
				B08F648317615A9200DDF992 /* AdSupport.framework */,
				B08F647D176158D200DDF992 /* SystemConfiguration.framework */,
				B08F647B176158CB00DDF992 /* StoreKit.framework */,
				B08F6479176158C500DDF992 /* Security.framework */,
				B08F6477176158BE00DDF992 /* QuartzCore.framework */,
				B08F6475176158B800DDF992 /* MobileCoreServices.framework */,
				B08F6473176158B200DDF992 /* libz.1.1.3.dylib */,
				B08F6471176158AB00DDF992 /* CoreLocation.framework */,
				B08F646F176158A000DDF992 /* CFNetwork.framework */,
				B08F646D1761589900DDF992 /* AudioToolbox.framework */,
				18F0B435175D73980065224E /* Mockup */,
				18F0B45C175D73990065224E /* MockupTests */,
				18F0B42E175D73980065224E /* Frameworks */,
				18F0B42C175D73980065224E /* Products */,
			);
			sourceTree = "<group>";
		};
		18F0B42C175D73980065224E /* Products */ = {
			isa = PBXGroup;
			children = (
				18F0B42B175D73980065224E /* Mockup.app */,
				18F0B455175D73990065224E /* MockupTests.octest */,
			);
			name = Products;
			sourceTree = "<group>";
		};
		18F0B42E175D73980065224E /* Frameworks */ = {
			isa = PBXGroup;
			children = (
				18EF5B371768EF3100B392D0 /* FacebookSDK.framework */,
				18EF5B381768EF3100B392D0 /* FacebookSDKResources.bundle */,
				B0FB556E1767D27F007CB2DF /* Airship */,
				B0FB556C1767D279007CB2DF /* KinveyKit.framework */,
				B08F646B1761584900DDF992 /* Parse.framework */,
				18F0B42F175D73980065224E /* UIKit.framework */,
				18F0B431175D73980065224E /* Foundation.framework */,
				18F0B433175D73980065224E /* CoreGraphics.framework */,
				18F0B456175D73990065224E /* SenTestingKit.framework */,
			);
			name = Frameworks;
			sourceTree = "<group>";
		};
		18F0B435175D73980065224E /* Mockup */ = {
			isa = PBXGroup;
			children = (
				B0345D03176ED5D900452280 /* objc */,
				B0345CC3176E09A300452280 /* AFNetworking */,
				18F1977F176C46DC00A6726B /* SDWebImage */,
				1812FE17176A9F1C003E581F /* TableViewController.h */,
				1812FE18176A9F1C003E581F /* TableViewController.m */,
				18F0B43E175D73980065224E /* AppDelegate.h */,
				18F0B43F175D73980065224E /* AppDelegate.m */,
				18F0B447175D73980065224E /* MainStoryboard_iPhone.storyboard */,
				18F0B44A175D73980065224E /* MainStoryboard_iPad.storyboard */,
				18F0B44D175D73980065224E /* ViewController.h */,
				18F0B44E175D73980065224E /* ViewController.m */,
				181D4A9417693F000096C6A6 /* Answer.h */,
				181D4A9517693F000096C6A6 /* Answer.m */,
				1812FE1A176B2EDA003E581F /* FeedObject.h */,
				1812FE1B176B2EDA003E581F /* FeedObject.m */,
				18F0B436175D73980065224E /* Supporting Files */,
				1817F201175DEB0200855A36 /* ToastAlert.h */,
				1817F202175DEB0200855A36 /* ToastAlert.m */,
				B08F649317615F6D00DDF992 /* LoginViewController.h */,
				B0FB5549176665F6007CB2DF /* ASIHTTPRequest */,
				B08F649417615F6D00DDF992 /* LoginViewController.m */,
				B0FB556917668812007CB2DF /* BackgroundRefreshOperation.h */,
				B0FB556A17668812007CB2DF /* BackgroundRefreshOperation.m */,
				187F7EE8176C1BDE0008DF7B /* FeedObjectCell.h */,
				187F7EE9176C1BDE0008DF7B /* FeedObjectCell.m */,
				B0345CE0176E90AE00452280 /* PaveAPIClient.h */,
				B0345CE1176E90AE00452280 /* PaveAPIClient.m */,
			);
			path = Mockup;
			sourceTree = "<group>";
		};
		18F0B436175D73980065224E /* Supporting Files */ = {
			isa = PBXGroup;
			children = (
				18030565176C9EB400066765 /* purple_progress.png */,
				18030566176C9EB400066765 /* yellow_progress.png */,
				18030567176C9EB400066765 /* car.png */,
				18030568176C9EB400066765 /* lightbulb.png */,
				18EF5B3B1768FABB00B392D0 /* big_circle.png */,
				18F197BF176C848600A6726B /* tableBackground.png */,
				18EF5B3C1768FABB00B392D0 /* brown_shoe.png */,
				18EF5B3D1768FABB00B392D0 /* facebook_icon.png */,
				18EF5B3E1768FABB00B392D0 /* heart.png */,
				18EF5B3F1768FABB00B392D0 /* left_line.png */,
				18EF5B401768FABB00B392D0 /* login_divider.png */,
				18EF5B411768FABB00B392D0 /* login_pave.png */,
				18EF5B421768FABB00B392D0 /* nav_bar.png */,
				18EF5B431768FABB00B392D0 /* neel_circle.png */,
				18EF5B441768FABB00B392D0 /* pave_top.png */,
				18EF5B451768FABB00B392D0 /* profile_icon.png */,
				18EF5B461768FABB00B392D0 /* road_icon.png */,
				18EF5B471768FABB00B392D0 /* social_feed_icon.png */,
				18EF5B481768FABB00B392D0 /* top_bar.png */,
				18EF5B491768FABB00B392D0 /* white_shoe.png */,
				B08F64C717626D5100DDF992 /* check.png */,
				B08F64C217619DD400DDF992 /* right-line.png */,
				B08F64C017619DCA00DDF992 /* big-circle.png */,
				B08F64BE17619DBC00DDF992 /* left-line.png */,
				B08F64BC17619C3100DDF992 /* heart icon.png */,
				B08F64BA17619B9800DDF992 /* nav-bar-.png */,
				B08F64B817619ABA00DDF992 /* top-bar.png */,
				B08F64A6176193AA00DDF992 /* connect with.png */,
				B08F64A7176193AA00DDF992 /* dividing bar.png */,
				B08F64A8176193AA00DDF992 /* facebook icon.png */,
				B08F64A9176193AA00DDF992 /* just the blue fb background.png */,
				B08F64AA176193AA00DDF992 /* just the facebook f.png */,
				B08F64AB176193AA00DDF992 /* PAVE.png */,
				B08F64AC176193AB00DDF992 /* purple background.png */,
				B08F64AD176193AB00DDF992 /* top status bar.png */,
				B08F64AE176193AB00DDF992 /* white background.png */,
				B08F648B17615C9100DDF992 /* login-button-small-pressed.png */,
				B08F648C17615C9100DDF992 /* login-button-small-pressed@2x.png */,
				B08F648D17615C9100DDF992 /* login-button-small.png */,
				B08F648E17615C9100DDF992 /* login-button-small@2x.png */,
				18F0B437175D73980065224E /* Mockup-Info.plist */,
				18F0B438175D73980065224E /* InfoPlist.strings */,
				18F0B43B175D73980065224E /* main.m */,
				18F0B43D175D73980065224E /* Mockup-Prefix.pch */,
				18F0B441175D73980065224E /* Default.png */,
				18F0B443175D73980065224E /* Default@2x.png */,
				18F0B445175D73980065224E /* Default-568h@2x.png */,
			);
			name = "Supporting Files";
			sourceTree = "<group>";
		};
		18F0B45C175D73990065224E /* MockupTests */ = {
			isa = PBXGroup;
			children = (
				18F0B462175D73990065224E /* MockupTests.h */,
				18F0B463175D73990065224E /* MockupTests.m */,
				18F0B45D175D73990065224E /* Supporting Files */,
			);
			path = MockupTests;
			sourceTree = "<group>";
		};
		18F0B45D175D73990065224E /* Supporting Files */ = {
			isa = PBXGroup;
			children = (
				18F0B45E175D73990065224E /* MockupTests-Info.plist */,
				18F0B45F175D73990065224E /* InfoPlist.strings */,
			);
			name = "Supporting Files";
			sourceTree = "<group>";
		};
		18F1977F176C46DC00A6726B /* SDWebImage */ = {
			isa = PBXGroup;
			children = (
				18F19780176C46DC00A6726B /* MKAnnotationView+WebCache.h */,
				18F19781176C46DC00A6726B /* MKAnnotationView+WebCache.m */,
				18F19782176C46DC00A6726B /* NSData+GIF.h */,
				18F19783176C46DC00A6726B /* NSData+GIF.m */,
				18F19784176C46DC00A6726B /* SDImageCache.h */,
				18F19785176C46DC00A6726B /* SDImageCache.m */,
				18F19786176C46DC00A6726B /* SDWebImageCompat.h */,
				18F19787176C46DC00A6726B /* SDWebImageCompat.m */,
				18F19788176C46DC00A6726B /* SDWebImageDecoder.h */,
				18F19789176C46DC00A6726B /* SDWebImageDecoder.m */,
				18F1978A176C46DC00A6726B /* SDWebImageDownloader.h */,
				18F1978B176C46DC00A6726B /* SDWebImageDownloader.m */,
				18F1978C176C46DC00A6726B /* SDWebImageDownloaderOperation.h */,
				18F1978D176C46DC00A6726B /* SDWebImageDownloaderOperation.m */,
				18F1978E176C46DC00A6726B /* SDWebImageManager.h */,
				18F1978F176C46DC00A6726B /* SDWebImageManager.m */,
				18F19790176C46DC00A6726B /* SDWebImageOperation.h */,
				18F19791176C46DC00A6726B /* SDWebImagePrefetcher.h */,
				18F19792176C46DC00A6726B /* SDWebImagePrefetcher.m */,
				18F19793176C46DC00A6726B /* UIButton+WebCache.h */,
				18F19794176C46DC00A6726B /* UIButton+WebCache.m */,
				18F19795176C46DC00A6726B /* UIImage+GIF.h */,
				18F19796176C46DC00A6726B /* UIImage+GIF.m */,
				18F19797176C46DC00A6726B /* UIImage+MultiFormat.h */,
				18F19798176C46DC00A6726B /* UIImage+MultiFormat.m */,
				18F19799176C46DC00A6726B /* UIImage+WebP.h */,
				18F1979A176C46DC00A6726B /* UIImage+WebP.m */,
				18F1979B176C46DC00A6726B /* UIImageView+WebCache.h */,
				18F1979C176C46DC00A6726B /* UIImageView+WebCache.m */,
			);
			path = SDWebImage;
			sourceTree = "<group>";
		};
		B0345CC3176E09A300452280 /* AFNetworking */ = {
			isa = PBXGroup;
			children = (
				B0345CC4176E09A300452280 /* AFHTTPClient.h */,
				B0345CC5176E09A300452280 /* AFHTTPClient.m */,
				B0345CC6176E09A300452280 /* AFHTTPRequestOperation.h */,
				B0345CC7176E09A300452280 /* AFHTTPRequestOperation.m */,
				B0345CC8176E09A300452280 /* AFImageRequestOperation.h */,
				B0345CC9176E09A300452280 /* AFImageRequestOperation.m */,
				B0345CCA176E09A300452280 /* AFJSONRequestOperation.h */,
				B0345CCB176E09A300452280 /* AFJSONRequestOperation.m */,
				B0345CCC176E09A300452280 /* AFNetworkActivityIndicatorManager.h */,
				B0345CCD176E09A300452280 /* AFNetworkActivityIndicatorManager.m */,
				B0345CCE176E09A300452280 /* AFNetworking.h */,
				B0345CCF176E09A300452280 /* AFPropertyListRequestOperation.h */,
				B0345CD0176E09A300452280 /* AFPropertyListRequestOperation.m */,
				B0345CD1176E09A300452280 /* AFURLConnectionOperation.h */,
				B0345CD2176E09A300452280 /* AFURLConnectionOperation.m */,
				B0345CD3176E09A300452280 /* AFXMLRequestOperation.h */,
				B0345CD4176E09A300452280 /* AFXMLRequestOperation.m */,
				B0345CD5176E09A300452280 /* UIImageView+AFNetworking.h */,
				B0345CD6176E09A300452280 /* UIImageView+AFNetworking.m */,
			);
			path = AFNetworking;
			sourceTree = "<group>";
		};
		B0345D03176ED5D900452280 /* objc */ = {
			isa = PBXGroup;
			children = (
				B0345D04176ED5D900452280 /* SBJson.h */,
				B0345D05176ED5D900452280 /* SBJsonParser.h */,
				B0345D06176ED5D900452280 /* SBJsonParser.m */,
				B0345D07176ED5D900452280 /* SBJsonStreamParser.h */,
				B0345D08176ED5D900452280 /* SBJsonStreamParser.m */,
				B0345D09176ED5D900452280 /* SBJsonStreamParserAccumulator.h */,
				B0345D0A176ED5D900452280 /* SBJsonStreamParserAccumulator.m */,
				B0345D0B176ED5D900452280 /* SBJsonStreamParserAdapter.h */,
				B0345D0C176ED5D900452280 /* SBJsonStreamParserAdapter.m */,
				B0345D0D176ED5D900452280 /* SBJsonStreamParserState.h */,
				B0345D0E176ED5D900452280 /* SBJsonStreamParserState.m */,
				B0345D0F176ED5D900452280 /* SBJsonStreamTokeniser.h */,
				B0345D10176ED5D900452280 /* SBJsonStreamTokeniser.m */,
				B0345D11176ED5D900452280 /* SBJsonStreamWriter.h */,
				B0345D12176ED5D900452280 /* SBJsonStreamWriter.m */,
				B0345D13176ED5D900452280 /* SBJsonStreamWriterAccumulator.h */,
				B0345D14176ED5D900452280 /* SBJsonStreamWriterAccumulator.m */,
				B0345D15176ED5D900452280 /* SBJsonStreamWriterState.h */,
				B0345D16176ED5D900452280 /* SBJsonStreamWriterState.m */,
				B0345D17176ED5D900452280 /* SBJsonWriter.h */,
				B0345D18176ED5D900452280 /* SBJsonWriter.m */,
			);
			path = objc;
			sourceTree = "<group>";
		};
		B0FB5549176665F6007CB2DF /* ASIHTTPRequest */ = {
			isa = PBXGroup;
			children = (
				B0FB556617666666007CB2DF /* Reachability.h */,
				B0FB556717666666007CB2DF /* Reachability.m */,
				B0FB554A1766661C007CB2DF /* ASIAuthenticationDialog.h */,
				B0FB554B1766661C007CB2DF /* ASIAuthenticationDialog.m */,
				B0FB554C1766661C007CB2DF /* ASICacheDelegate.h */,
				B0FB554D1766661C007CB2DF /* ASIDataCompressor.h */,
				B0FB554E1766661C007CB2DF /* ASIDataCompressor.m */,
				B0FB554F1766661C007CB2DF /* ASIDataDecompressor.h */,
				B0FB55501766661C007CB2DF /* ASIDataDecompressor.m */,
				B0FB55511766661C007CB2DF /* ASIDownloadCache.h */,
				B0FB55521766661C007CB2DF /* ASIDownloadCache.m */,
				B0FB55531766661C007CB2DF /* ASIFormDataRequest.h */,
				B0FB55541766661C007CB2DF /* ASIFormDataRequest.m */,
				B0FB55551766661C007CB2DF /* ASIHTTPRequest.h */,
				B0FB55561766661C007CB2DF /* ASIHTTPRequest.m */,
				B0FB55571766661C007CB2DF /* ASIHTTPRequestConfig.h */,
				B0FB55581766661C007CB2DF /* ASIHTTPRequestDelegate.h */,
				B0FB55591766661C007CB2DF /* ASIInputStream.h */,
				B0FB555A1766661C007CB2DF /* ASIInputStream.m */,
				B0FB555B1766661C007CB2DF /* ASINetworkQueue.h */,
				B0FB555C1766661C007CB2DF /* ASINetworkQueue.m */,
				B0FB555D1766661C007CB2DF /* ASIProgressDelegate.h */,
			);
			name = ASIHTTPRequest;
			sourceTree = "<group>";
		};
		B0FB556E1767D27F007CB2DF /* Airship */ = {
			isa = PBXGroup;
			children = (
				B0FB556F1767D27F007CB2DF /* libUAirship-1.4.0.a */,
			);
			path = Airship;
			sourceTree = "<group>";
		};
/* End PBXGroup section */

/* Begin PBXNativeTarget section */
		18F0B42A175D73980065224E /* Mockup */ = {
			isa = PBXNativeTarget;
			buildConfigurationList = 18F0B467175D73990065224E /* Build configuration list for PBXNativeTarget "Mockup" */;
			buildPhases = (
				18F0B427175D73980065224E /* Sources */,
				18F0B428175D73980065224E /* Frameworks */,
				18F0B429175D73980065224E /* Resources */,
			);
			buildRules = (
			);
			dependencies = (
			);
			name = Mockup;
			productName = Mockup;
			productReference = 18F0B42B175D73980065224E /* Mockup.app */;
			productType = "com.apple.product-type.application";
		};
		18F0B454175D73990065224E /* MockupTests */ = {
			isa = PBXNativeTarget;
			buildConfigurationList = 18F0B46A175D73990065224E /* Build configuration list for PBXNativeTarget "MockupTests" */;
			buildPhases = (
				18F0B450175D73990065224E /* Sources */,
				18F0B451175D73990065224E /* Frameworks */,
				18F0B452175D73990065224E /* Resources */,
				18F0B453175D73990065224E /* ShellScript */,
			);
			buildRules = (
			);
			dependencies = (
				18F0B45B175D73990065224E /* PBXTargetDependency */,
			);
			name = MockupTests;
			productName = MockupTests;
			productReference = 18F0B455175D73990065224E /* MockupTests.octest */;
			productType = "com.apple.product-type.bundle";
		};
/* End PBXNativeTarget section */

/* Begin PBXProject section */
		18F0B422175D73980065224E /* Project object */ = {
			isa = PBXProject;
			attributes = {
				LastUpgradeCheck = 0450;
				ORGANIZATIONNAME = "Neel Patel";
			};
			buildConfigurationList = 18F0B425175D73980065224E /* Build configuration list for PBXProject "Mockup" */;
			compatibilityVersion = "Xcode 3.2";
			developmentRegion = English;
			hasScannedForEncodings = 0;
			knownRegions = (
				en,
			);
			mainGroup = 18F0B420175D73980065224E;
			productRefGroup = 18F0B42C175D73980065224E /* Products */;
			projectDirPath = "";
			projectRoot = "";
			targets = (
				18F0B42A175D73980065224E /* Mockup */,
				18F0B454175D73990065224E /* MockupTests */,
			);
		};
/* End PBXProject section */

/* Begin PBXResourcesBuildPhase section */
		18F0B429175D73980065224E /* Resources */ = {
			isa = PBXResourcesBuildPhase;
			buildActionMask = 2147483647;
			files = (
				18F0B43A175D73980065224E /* InfoPlist.strings in Resources */,
				18F0B442175D73980065224E /* Default.png in Resources */,
				18F0B444175D73980065224E /* Default@2x.png in Resources */,
				18F0B446175D73980065224E /* Default-568h@2x.png in Resources */,
				18F0B449175D73980065224E /* MainStoryboard_iPhone.storyboard in Resources */,
				18F0B44C175D73980065224E /* MainStoryboard_iPad.storyboard in Resources */,
				B08F648F17615C9200DDF992 /* login-button-small-pressed.png in Resources */,
				B08F649017615C9200DDF992 /* login-button-small-pressed@2x.png in Resources */,
				B08F649117615C9200DDF992 /* login-button-small.png in Resources */,
				B08F649217615C9200DDF992 /* login-button-small@2x.png in Resources */,
				B08F64AF176193AB00DDF992 /* connect with.png in Resources */,
				B08F64B0176193AB00DDF992 /* dividing bar.png in Resources */,
				B08F64B1176193AB00DDF992 /* facebook icon.png in Resources */,
				B08F64B2176193AB00DDF992 /* just the blue fb background.png in Resources */,
				B08F64B3176193AB00DDF992 /* just the facebook f.png in Resources */,
				B08F64B4176193AB00DDF992 /* PAVE.png in Resources */,
				B08F64B5176193AB00DDF992 /* purple background.png in Resources */,
				B08F64B6176193AB00DDF992 /* top status bar.png in Resources */,
				B08F64B7176193AB00DDF992 /* white background.png in Resources */,
				B08F64B917619ABA00DDF992 /* top-bar.png in Resources */,
				B08F64BB17619B9800DDF992 /* nav-bar-.png in Resources */,
				B08F64BD17619C3100DDF992 /* heart icon.png in Resources */,
				B08F64BF17619DBC00DDF992 /* left-line.png in Resources */,
				B08F64C117619DCA00DDF992 /* big-circle.png in Resources */,
				B08F64C317619DD400DDF992 /* right-line.png in Resources */,
				B08F64C817626D5100DDF992 /* check.png in Resources */,
				18EF5B3A1768EF3100B392D0 /* FacebookSDKResources.bundle in Resources */,
				18EF5B4A1768FABB00B392D0 /* big_circle.png in Resources */,
				18EF5B4B1768FABB00B392D0 /* brown_shoe.png in Resources */,
				18EF5B4C1768FABB00B392D0 /* facebook_icon.png in Resources */,
				18EF5B4D1768FABB00B392D0 /* heart.png in Resources */,
				18EF5B4E1768FABB00B392D0 /* left_line.png in Resources */,
				18EF5B4F1768FABB00B392D0 /* login_divider.png in Resources */,
				18EF5B501768FABB00B392D0 /* login_pave.png in Resources */,
				18EF5B511768FABB00B392D0 /* nav_bar.png in Resources */,
				18EF5B521768FABB00B392D0 /* neel_circle.png in Resources */,
				18EF5B531768FABB00B392D0 /* pave_top.png in Resources */,
				18EF5B541768FABB00B392D0 /* profile_icon.png in Resources */,
				18EF5B551768FABB00B392D0 /* road_icon.png in Resources */,
				18EF5B561768FABB00B392D0 /* social_feed_icon.png in Resources */,
				18EF5B571768FABB00B392D0 /* top_bar.png in Resources */,
				18EF5B581768FABB00B392D0 /* white_shoe.png in Resources */,
				18F197C0176C848600A6726B /* tableBackground.png in Resources */,
				18030569176C9EB400066765 /* purple_progress.png in Resources */,
				1803056A176C9EB400066765 /* yellow_progress.png in Resources */,
				1803056B176C9EB400066765 /* car.png in Resources */,
				1803056C176C9EB400066765 /* lightbulb.png in Resources */,
			);
			runOnlyForDeploymentPostprocessing = 0;
		};
		18F0B452175D73990065224E /* Resources */ = {
			isa = PBXResourcesBuildPhase;
			buildActionMask = 2147483647;
			files = (
				18F0B461175D73990065224E /* InfoPlist.strings in Resources */,
			);
			runOnlyForDeploymentPostprocessing = 0;
		};
/* End PBXResourcesBuildPhase section */

/* Begin PBXShellScriptBuildPhase section */
		18F0B453175D73990065224E /* ShellScript */ = {
			isa = PBXShellScriptBuildPhase;
			buildActionMask = 2147483647;
			files = (
			);
			inputPaths = (
			);
			outputPaths = (
			);
			runOnlyForDeploymentPostprocessing = 0;
			shellPath = /bin/sh;
			shellScript = "# Run the unit tests in this test bundle.\n\"${SYSTEM_DEVELOPER_DIR}/Tools/RunUnitTests\"\n";
		};
/* End PBXShellScriptBuildPhase section */

/* Begin PBXSourcesBuildPhase section */
		18F0B427175D73980065224E /* Sources */ = {
			isa = PBXSourcesBuildPhase;
			buildActionMask = 2147483647;
			files = (
				18F197AE176C563200A6726B /* MKAnnotationView+WebCache.h in Sources */,
				18F197AF176C563200A6726B /* NSData+GIF.h in Sources */,
				18F197B0176C563200A6726B /* SDImageCache.h in Sources */,
				18F197B1176C563200A6726B /* SDWebImageCompat.h in Sources */,
				18F197B2176C563200A6726B /* SDWebImageDecoder.h in Sources */,
				18F197B3176C563200A6726B /* SDWebImageDownloader.h in Sources */,
				18F197B4176C563200A6726B /* SDWebImageDownloaderOperation.h in Sources */,
				18F197B5176C563200A6726B /* SDWebImageManager.h in Sources */,
				18F197B6176C563200A6726B /* SDWebImageOperation.h in Sources */,
				18F197B7176C563200A6726B /* SDWebImagePrefetcher.h in Sources */,
				18F197B8176C563200A6726B /* UIButton+WebCache.h in Sources */,
				18F197B9176C563200A6726B /* UIImage+GIF.h in Sources */,
				18F197BA176C563200A6726B /* UIImage+MultiFormat.h in Sources */,
				18F197BB176C563200A6726B /* UIImage+WebP.h in Sources */,
				18F197BC176C563200A6726B /* UIImageView+WebCache.h in Sources */,
				18F0B43C175D73980065224E /* main.m in Sources */,
				18F0B440175D73980065224E /* AppDelegate.m in Sources */,
				18F0B44F175D73980065224E /* ViewController.m in Sources */,
				1817F203175DEB0200855A36 /* ToastAlert.m in Sources */,
				B08F649517615F6D00DDF992 /* LoginViewController.m in Sources */,
				B0FB556B17668812007CB2DF /* BackgroundRefreshOperation.m in Sources */,
				181D4A9617693F000096C6A6 /* Answer.m in Sources */,
				1812FE19176A9F1C003E581F /* TableViewController.m in Sources */,
				1812FE1C176B2EDA003E581F /* FeedObject.m in Sources */,
				187F7EEA176C1BDE0008DF7B /* FeedObjectCell.m in Sources */,
				18F1979D176C46DC00A6726B /* MKAnnotationView+WebCache.m in Sources */,
				18F1979E176C46DC00A6726B /* NSData+GIF.m in Sources */,
				18F1979F176C46DC00A6726B /* SDImageCache.m in Sources */,
				18F197A0176C46DC00A6726B /* SDWebImageCompat.m in Sources */,
				18F197A1176C46DC00A6726B /* SDWebImageDecoder.m in Sources */,
				18F197A2176C46DC00A6726B /* SDWebImageDownloader.m in Sources */,
				18F197A3176C46DC00A6726B /* SDWebImageDownloaderOperation.m in Sources */,
				18F197A4176C46DC00A6726B /* SDWebImageManager.m in Sources */,
				18F197A5176C46DC00A6726B /* SDWebImagePrefetcher.m in Sources */,
				18F197A6176C46DC00A6726B /* UIButton+WebCache.m in Sources */,
				18F197A7176C46DC00A6726B /* UIImage+GIF.m in Sources */,
				18F197A8176C46DC00A6726B /* UIImage+MultiFormat.m in Sources */,
				18F197A9176C46DC00A6726B /* UIImage+WebP.m in Sources */,
				18F197AA176C46DC00A6726B /* UIImageView+WebCache.m in Sources */,
				B0345CD7176E09A300452280 /* AFHTTPClient.m in Sources */,
				B0345CD8176E09A300452280 /* AFHTTPRequestOperation.m in Sources */,
				B0345CD9176E09A300452280 /* AFImageRequestOperation.m in Sources */,
				B0345CDA176E09A300452280 /* AFJSONRequestOperation.m in Sources */,
				B0345CDB176E09A300452280 /* AFNetworkActivityIndicatorManager.m in Sources */,
				B0345CDC176E09A300452280 /* AFPropertyListRequestOperation.m in Sources */,
				B0345CDD176E09A300452280 /* AFURLConnectionOperation.m in Sources */,
				B0345CDE176E09A300452280 /* AFXMLRequestOperation.m in Sources */,
				B0345CDF176E09A300452280 /* UIImageView+AFNetworking.m in Sources */,
				B0345CE2176E90AE00452280 /* PaveAPIClient.m in Sources */,
				B0345D19176ED5D900452280 /* SBJsonParser.m in Sources */,
				B0345D1A176ED5D900452280 /* SBJsonStreamParser.m in Sources */,
				B0345D1B176ED5D900452280 /* SBJsonStreamParserAccumulator.m in Sources */,
				B0345D1C176ED5D900452280 /* SBJsonStreamParserAdapter.m in Sources */,
				B0345D1D176ED5D900452280 /* SBJsonStreamParserState.m in Sources */,
				B0345D1E176ED5D900452280 /* SBJsonStreamTokeniser.m in Sources */,
				B0345D1F176ED5D900452280 /* SBJsonStreamWriter.m in Sources */,
				B0345D20176ED5D900452280 /* SBJsonStreamWriterAccumulator.m in Sources */,
				B0345D21176ED5D900452280 /* SBJsonStreamWriterState.m in Sources */,
				B0345D22176ED5D900452280 /* SBJsonWriter.m in Sources */,
			);
			runOnlyForDeploymentPostprocessing = 0;
		};
		18F0B450175D73990065224E /* Sources */ = {
			isa = PBXSourcesBuildPhase;
			buildActionMask = 2147483647;
			files = (
				18F0B464175D73990065224E /* MockupTests.m in Sources */,
				B0FB555E1766661C007CB2DF /* ASIAuthenticationDialog.m in Sources */,
				B0FB555F1766661C007CB2DF /* ASIDataCompressor.m in Sources */,
				B0FB55601766661C007CB2DF /* ASIDataDecompressor.m in Sources */,
				B0FB55611766661C007CB2DF /* ASIDownloadCache.m in Sources */,
				B0FB55621766661C007CB2DF /* ASIFormDataRequest.m in Sources */,
				B0FB55631766661C007CB2DF /* ASIHTTPRequest.m in Sources */,
				B0FB55641766661C007CB2DF /* ASIInputStream.m in Sources */,
				B0FB55651766661C007CB2DF /* ASINetworkQueue.m in Sources */,
				B0FB556817666666007CB2DF /* Reachability.m in Sources */,
			);
			runOnlyForDeploymentPostprocessing = 0;
		};
/* End PBXSourcesBuildPhase section */

/* Begin PBXTargetDependency section */
		18F0B45B175D73990065224E /* PBXTargetDependency */ = {
			isa = PBXTargetDependency;
			target = 18F0B42A175D73980065224E /* Mockup */;
			targetProxy = 18F0B45A175D73990065224E /* PBXContainerItemProxy */;
		};
/* End PBXTargetDependency section */

/* Begin PBXVariantGroup section */
		18F0B438175D73980065224E /* InfoPlist.strings */ = {
			isa = PBXVariantGroup;
			children = (
				18F0B439175D73980065224E /* en */,
			);
			name = InfoPlist.strings;
			sourceTree = "<group>";
		};
		18F0B447175D73980065224E /* MainStoryboard_iPhone.storyboard */ = {
			isa = PBXVariantGroup;
			children = (
				18F0B448175D73980065224E /* en */,
			);
			name = MainStoryboard_iPhone.storyboard;
			sourceTree = "<group>";
		};
		18F0B44A175D73980065224E /* MainStoryboard_iPad.storyboard */ = {
			isa = PBXVariantGroup;
			children = (
				18F0B44B175D73980065224E /* en */,
			);
			name = MainStoryboard_iPad.storyboard;
			sourceTree = "<group>";
		};
		18F0B45F175D73990065224E /* InfoPlist.strings */ = {
			isa = PBXVariantGroup;
			children = (
				18F0B460175D73990065224E /* en */,
			);
			name = InfoPlist.strings;
			sourceTree = "<group>";
		};
/* End PBXVariantGroup section */

/* Begin XCBuildConfiguration section */
		18F0B465175D73990065224E /* Debug */ = {
			isa = XCBuildConfiguration;
			buildSettings = {
				ALWAYS_SEARCH_USER_PATHS = NO;
				CLANG_CXX_LANGUAGE_STANDARD = "gnu++0x";
				CLANG_CXX_LIBRARY = "libc++";
				CLANG_ENABLE_OBJC_ARC = YES;
				CLANG_WARN_EMPTY_BODY = YES;
				CLANG_WARN__DUPLICATE_METHOD_MATCH = YES;
				"CODE_SIGN_IDENTITY[sdk=iphoneos*]" = "iPhone Developer";
				COPY_PHASE_STRIP = NO;
				GCC_C_LANGUAGE_STANDARD = gnu99;
				GCC_DYNAMIC_NO_PIC = NO;
				GCC_OPTIMIZATION_LEVEL = 0;
				GCC_PREPROCESSOR_DEFINITIONS = (
					"DEBUG=1",
					"$(inherited)",
				);
				GCC_SYMBOLS_PRIVATE_EXTERN = NO;
				GCC_WARN_ABOUT_RETURN_TYPE = YES;
				GCC_WARN_UNINITIALIZED_AUTOS = YES;
				GCC_WARN_UNUSED_VARIABLE = YES;
				IPHONEOS_DEPLOYMENT_TARGET = 6.0;
				ONLY_ACTIVE_ARCH = YES;
				OTHER_LDFLAGS = "-ObjC";
				SDKROOT = iphoneos;
				TARGETED_DEVICE_FAMILY = "1,2";
			};
			name = Debug;
		};
		18F0B466175D73990065224E /* Release */ = {
			isa = XCBuildConfiguration;
			buildSettings = {
				ALWAYS_SEARCH_USER_PATHS = NO;
				CLANG_CXX_LANGUAGE_STANDARD = "gnu++0x";
				CLANG_CXX_LIBRARY = "libc++";
				CLANG_ENABLE_OBJC_ARC = YES;
				CLANG_WARN_EMPTY_BODY = YES;
				CLANG_WARN__DUPLICATE_METHOD_MATCH = YES;
				"CODE_SIGN_IDENTITY[sdk=iphoneos*]" = "iPhone Developer";
				COPY_PHASE_STRIP = YES;
				GCC_C_LANGUAGE_STANDARD = gnu99;
				GCC_WARN_ABOUT_RETURN_TYPE = YES;
				GCC_WARN_UNINITIALIZED_AUTOS = YES;
				GCC_WARN_UNUSED_VARIABLE = YES;
				IPHONEOS_DEPLOYMENT_TARGET = 6.0;
				OTHER_CFLAGS = "-DNS_BLOCK_ASSERTIONS=1";
				OTHER_LDFLAGS = "-ObjC";
				SDKROOT = iphoneos;
				TARGETED_DEVICE_FAMILY = "1,2";
				VALIDATE_PRODUCT = YES;
			};
			name = Release;
		};
		18F0B468175D73990065224E /* Debug */ = {
			isa = XCBuildConfiguration;
			buildSettings = {
				FRAMEWORK_SEARCH_PATHS = (
					"$(inherited)",
					"\"$(SRCROOT)\"",
					"\"$(SRCROOT)/../../Documents/FacebookSDK\"",
				);
				GCC_PRECOMPILE_PREFIX_HEADER = YES;
				GCC_PREFIX_HEADER = "Mockup/Mockup-Prefix.pch";
				INFOPLIST_FILE = "Mockup/Mockup-Info.plist";
				LIBRARY_SEARCH_PATHS = (
					"$(inherited)",
					"\"$(SRCROOT)/Airship\"",
				);
				OTHER_LDFLAGS = "-ObjC";
				PRODUCT_NAME = "$(TARGET_NAME)";
				TARGETED_DEVICE_FAMILY = 1;
				WRAPPER_EXTENSION = app;
			};
			name = Debug;
		};
		18F0B469175D73990065224E /* Release */ = {
			isa = XCBuildConfiguration;
			buildSettings = {
				FRAMEWORK_SEARCH_PATHS = (
					"$(inherited)",
					"\"$(SRCROOT)\"",
					"\"$(SRCROOT)/../../Documents/FacebookSDK\"",
				);
				GCC_PRECOMPILE_PREFIX_HEADER = YES;
				GCC_PREFIX_HEADER = "Mockup/Mockup-Prefix.pch";
				INFOPLIST_FILE = "Mockup/Mockup-Info.plist";
				LIBRARY_SEARCH_PATHS = (
					"$(inherited)",
					"\"$(SRCROOT)/Airship\"",
				);
				OTHER_LDFLAGS = "-ObjC";
				PRODUCT_NAME = "$(TARGET_NAME)";
				TARGETED_DEVICE_FAMILY = 1;
				WRAPPER_EXTENSION = app;
			};
			name = Release;
		};
		18F0B46B175D73990065224E /* Debug */ = {
			isa = XCBuildConfiguration;
			buildSettings = {
				BUNDLE_LOADER = "$(BUILT_PRODUCTS_DIR)/Mockup.app/Mockup";
				FRAMEWORK_SEARCH_PATHS = (
					"\"$(SDKROOT)/Developer/Library/Frameworks\"",
					"\"$(DEVELOPER_LIBRARY_DIR)/Frameworks\"",
				);
				GCC_PRECOMPILE_PREFIX_HEADER = YES;
				GCC_PREFIX_HEADER = "Mockup/Mockup-Prefix.pch";
				INFOPLIST_FILE = "MockupTests/MockupTests-Info.plist";
				PRODUCT_NAME = "$(TARGET_NAME)";
				TEST_HOST = "$(BUNDLE_LOADER)";
				WRAPPER_EXTENSION = octest;
			};
			name = Debug;
		};
		18F0B46C175D73990065224E /* Release */ = {
			isa = XCBuildConfiguration;
			buildSettings = {
				BUNDLE_LOADER = "$(BUILT_PRODUCTS_DIR)/Mockup.app/Mockup";
				FRAMEWORK_SEARCH_PATHS = (
					"\"$(SDKROOT)/Developer/Library/Frameworks\"",
					"\"$(DEVELOPER_LIBRARY_DIR)/Frameworks\"",
				);
				GCC_PRECOMPILE_PREFIX_HEADER = YES;
				GCC_PREFIX_HEADER = "Mockup/Mockup-Prefix.pch";
				INFOPLIST_FILE = "MockupTests/MockupTests-Info.plist";
				PRODUCT_NAME = "$(TARGET_NAME)";
				TEST_HOST = "$(BUNDLE_LOADER)";
				WRAPPER_EXTENSION = octest;
			};
			name = Release;
		};
/* End XCBuildConfiguration section */

/* Begin XCConfigurationList section */
		18F0B425175D73980065224E /* Build configuration list for PBXProject "Mockup" */ = {
			isa = XCConfigurationList;
			buildConfigurations = (
				18F0B465175D73990065224E /* Debug */,
				18F0B466175D73990065224E /* Release */,
			);
			defaultConfigurationIsVisible = 0;
			defaultConfigurationName = Release;
		};
		18F0B467175D73990065224E /* Build configuration list for PBXNativeTarget "Mockup" */ = {
			isa = XCConfigurationList;
			buildConfigurations = (
				18F0B468175D73990065224E /* Debug */,
				18F0B469175D73990065224E /* Release */,
			);
			defaultConfigurationIsVisible = 0;
			defaultConfigurationName = Release;
		};
		18F0B46A175D73990065224E /* Build configuration list for PBXNativeTarget "MockupTests" */ = {
			isa = XCConfigurationList;
			buildConfigurations = (
				18F0B46B175D73990065224E /* Debug */,
				18F0B46C175D73990065224E /* Release */,
			);
			defaultConfigurationIsVisible = 0;
			defaultConfigurationName = Release;
		};
/* End XCConfigurationList section */
	};
	rootObject = 18F0B422175D73980065224E /* Project object */;
}
